// !$*UTF8*$!
{
	archiveVersion = 1;
	classes = {
	};
	objectVersion = 56;
	objects = {

/* Begin PBXBuildFile section */
		820741852BC8EEAE00CB4584 /* dateFormatter.swift in Sources */ = {isa = PBXBuildFile; fileRef = 820741842BC8EEAE00CB4584 /* dateFormatter.swift */; };
		820741B32BC8EF0700CB4584 /* ArticleListDetailView.swift in Sources */ = {isa = PBXBuildFile; fileRef = 820741A22BC8EF0600CB4584 /* ArticleListDetailView.swift */; };
		820741B42BC8EF0700CB4584 /* ArticleListView.swift in Sources */ = {isa = PBXBuildFile; fileRef = 820741A32BC8EF0600CB4584 /* ArticleListView.swift */; };
		820741B52BC8EF0700CB4584 /* TradeListDetailView.swift in Sources */ = {isa = PBXBuildFile; fileRef = 820741A52BC8EF0600CB4584 /* TradeListDetailView.swift */; };
		820741B62BC8EF0700CB4584 /* TradeListView.swift in Sources */ = {isa = PBXBuildFile; fileRef = 820741A62BC8EF0600CB4584 /* TradeListView.swift */; };
		820741B72BC8EF0700CB4584 /* ReportedArticleListDetailView.swift in Sources */ = {isa = PBXBuildFile; fileRef = 820741A82BC8EF0600CB4584 /* ReportedArticleListDetailView.swift */; };
		820741B82BC8EF0700CB4584 /* ReportedArticleListView.swift in Sources */ = {isa = PBXBuildFile; fileRef = 820741A92BC8EF0600CB4584 /* ReportedArticleListView.swift */; };
		820741B92BC8EF0700CB4584 /* ReportedCommentListDetailView.swift in Sources */ = {isa = PBXBuildFile; fileRef = 820741AB2BC8EF0600CB4584 /* ReportedCommentListDetailView.swift */; };
		820741BA2BC8EF0700CB4584 /* ReportedCommentListView.swift in Sources */ = {isa = PBXBuildFile; fileRef = 820741AC2BC8EF0600CB4584 /* ReportedCommentListView.swift */; };
		820741BB2BC8EF0700CB4584 /* UserListDetailView.swift in Sources */ = {isa = PBXBuildFile; fileRef = 820741AE2BC8EF0600CB4584 /* UserListDetailView.swift */; };
		820741BC2BC8EF0700CB4584 /* UserListView.swift in Sources */ = {isa = PBXBuildFile; fileRef = 820741AF2BC8EF0600CB4584 /* UserListView.swift */; };
		820741BD2BC8EF0700CB4584 /* ANBDAdminAppHomeView.swift in Sources */ = {isa = PBXBuildFile; fileRef = 820741B12BC8EF0600CB4584 /* ANBDAdminAppHomeView.swift */; };
		820741BF2BC9000900CB4584 /* ArticleListViewModel.swift in Sources */ = {isa = PBXBuildFile; fileRef = 820741BE2BC9000900CB4584 /* ArticleListViewModel.swift */; };
		820741C12BC9014200CB4584 /* TradeListViewModel.swift in Sources */ = {isa = PBXBuildFile; fileRef = 820741C02BC9014200CB4584 /* TradeListViewModel.swift */; };
		820741C32BC9034400CB4584 /* UserListViewModel.swift in Sources */ = {isa = PBXBuildFile; fileRef = 820741C22BC9034400CB4584 /* UserListViewModel.swift */; };
		820741C82BCDFC5B00CB4584 /* BannerEditView.swift in Sources */ = {isa = PBXBuildFile; fileRef = 820741C72BCDFC5B00CB4584 /* BannerEditView.swift */; };
		820741CA2BCDFCDC00CB4584 /* BannerEditViewModel.swift in Sources */ = {isa = PBXBuildFile; fileRef = 820741C92BCDFCDC00CB4584 /* BannerEditViewModel.swift */; };
		820741CC2BCE009600CB4584 /* BannerEditDetailView.swift in Sources */ = {isa = PBXBuildFile; fileRef = 820741CB2BCE009600CB4584 /* BannerEditDetailView.swift */; };
		82D9177B2BCE43330054FF5D /* InquiryView.swift in Sources */ = {isa = PBXBuildFile; fileRef = 82D9177A2BCE43330054FF5D /* InquiryView.swift */; };
		82FB37902BD0FF0000F0B78A /* AuthenticationView.swift in Sources */ = {isa = PBXBuildFile; fileRef = 82FB378F2BD0FF0000F0B78A /* AuthenticationView.swift */; };
		82FB37922BD0FF1B00F0B78A /* AuthenticationViewModel.swift in Sources */ = {isa = PBXBuildFile; fileRef = 82FB37912BD0FF1B00F0B78A /* AuthenticationViewModel.swift */; };
		82FB37C22BD105A400F0B78A /* UserDefaultsClient.swift in Sources */ = {isa = PBXBuildFile; fileRef = 82FB37C12BD105A400F0B78A /* UserDefaultsClient.swift */; };
		82FB37C42BD1062400F0B78A /* ANBDFont.swift in Sources */ = {isa = PBXBuildFile; fileRef = 82FB37C32BD1062400F0B78A /* ANBDFont.swift */; };
		82FB37C82BD1070300F0B78A /* TextFieldWithTitle.swift in Sources */ = {isa = PBXBuildFile; fileRef = 82FB37C72BD1070300F0B78A /* TextFieldWithTitle.swift */; };
		82FB37CB2BD1074900F0B78A /* BlueSquareButton.swift in Sources */ = {isa = PBXBuildFile; fileRef = 82FB37CA2BD1074900F0B78A /* BlueSquareButton.swift */; };
		82FB37CE2BD1125700F0B78A /* CustomAlertView.swift in Sources */ = {isa = PBXBuildFile; fileRef = 82FB37CD2BD1125700F0B78A /* CustomAlertView.swift */; };
		CB7BEDD32BBD4EE300C0F298 /* ANBDAdminApp.swift in Sources */ = {isa = PBXBuildFile; fileRef = CB7BEDD22BBD4EE300C0F298 /* ANBDAdminApp.swift */; };
		CB7BEDD72BBD4EE500C0F298 /* Assets.xcassets in Resources */ = {isa = PBXBuildFile; fileRef = CB7BEDD62BBD4EE500C0F298 /* Assets.xcassets */; };
		CB7BEDED2BBD537A00C0F298 /* Pretendard-Bold.otf in Resources */ = {isa = PBXBuildFile; fileRef = CB7BEDE82BBD537A00C0F298 /* Pretendard-Bold.otf */; };
		CB7BEDEE2BBD537A00C0F298 /* Pretendard-Medium.otf in Resources */ = {isa = PBXBuildFile; fileRef = CB7BEDE92BBD537A00C0F298 /* Pretendard-Medium.otf */; };
		CB7BEDEF2BBD537A00C0F298 /* Pretendard-Regular.otf in Resources */ = {isa = PBXBuildFile; fileRef = CB7BEDEA2BBD537A00C0F298 /* Pretendard-Regular.otf */; };
		CB7BEDF02BBD537A00C0F298 /* Pretendard-SemiBold.otf in Resources */ = {isa = PBXBuildFile; fileRef = CB7BEDEB2BBD537A00C0F298 /* Pretendard-SemiBold.otf */; };
		CB7BEDF22BBD538A00C0F298 /* Colors.xcassets in Resources */ = {isa = PBXBuildFile; fileRef = CB7BEDF12BBD538A00C0F298 /* Colors.xcassets */; };
		CB7BEE412BBD588000C0F298 /* ANBDModel in Frameworks */ = {isa = PBXBuildFile; productRef = CB7BEE402BBD588000C0F298 /* ANBDModel */; };
		CB7BEE452BBD5C3D00C0F298 /* GoogleService-Info.plist in Resources */ = {isa = PBXBuildFile; fileRef = CB7BEE442BBD5C3D00C0F298 /* GoogleService-Info.plist */; };
/* End PBXBuildFile section */

/* Begin PBXFileReference section */
		820741842BC8EEAE00CB4584 /* dateFormatter.swift */ = {isa = PBXFileReference; fileEncoding = 4; lastKnownFileType = sourcecode.swift; path = dateFormatter.swift; sourceTree = "<group>"; };
		820741A22BC8EF0600CB4584 /* ArticleListDetailView.swift */ = {isa = PBXFileReference; fileEncoding = 4; lastKnownFileType = sourcecode.swift; path = ArticleListDetailView.swift; sourceTree = "<group>"; };
		820741A32BC8EF0600CB4584 /* ArticleListView.swift */ = {isa = PBXFileReference; fileEncoding = 4; lastKnownFileType = sourcecode.swift; path = ArticleListView.swift; sourceTree = "<group>"; };
		820741A52BC8EF0600CB4584 /* TradeListDetailView.swift */ = {isa = PBXFileReference; fileEncoding = 4; lastKnownFileType = sourcecode.swift; path = TradeListDetailView.swift; sourceTree = "<group>"; };
		820741A62BC8EF0600CB4584 /* TradeListView.swift */ = {isa = PBXFileReference; fileEncoding = 4; lastKnownFileType = sourcecode.swift; path = TradeListView.swift; sourceTree = "<group>"; };
		820741A82BC8EF0600CB4584 /* ReportedArticleListDetailView.swift */ = {isa = PBXFileReference; fileEncoding = 4; lastKnownFileType = sourcecode.swift; path = ReportedArticleListDetailView.swift; sourceTree = "<group>"; };
		820741A92BC8EF0600CB4584 /* ReportedArticleListView.swift */ = {isa = PBXFileReference; fileEncoding = 4; lastKnownFileType = sourcecode.swift; path = ReportedArticleListView.swift; sourceTree = "<group>"; };
		820741AB2BC8EF0600CB4584 /* ReportedCommentListDetailView.swift */ = {isa = PBXFileReference; fileEncoding = 4; lastKnownFileType = sourcecode.swift; path = ReportedCommentListDetailView.swift; sourceTree = "<group>"; };
		820741AC2BC8EF0600CB4584 /* ReportedCommentListView.swift */ = {isa = PBXFileReference; fileEncoding = 4; lastKnownFileType = sourcecode.swift; path = ReportedCommentListView.swift; sourceTree = "<group>"; };
		820741AE2BC8EF0600CB4584 /* UserListDetailView.swift */ = {isa = PBXFileReference; fileEncoding = 4; lastKnownFileType = sourcecode.swift; path = UserListDetailView.swift; sourceTree = "<group>"; };
		820741AF2BC8EF0600CB4584 /* UserListView.swift */ = {isa = PBXFileReference; fileEncoding = 4; lastKnownFileType = sourcecode.swift; path = UserListView.swift; sourceTree = "<group>"; };
		820741B12BC8EF0600CB4584 /* ANBDAdminAppHomeView.swift */ = {isa = PBXFileReference; fileEncoding = 4; lastKnownFileType = sourcecode.swift; path = ANBDAdminAppHomeView.swift; sourceTree = "<group>"; };
		820741BE2BC9000900CB4584 /* ArticleListViewModel.swift */ = {isa = PBXFileReference; lastKnownFileType = sourcecode.swift; path = ArticleListViewModel.swift; sourceTree = "<group>"; };
		820741C02BC9014200CB4584 /* TradeListViewModel.swift */ = {isa = PBXFileReference; lastKnownFileType = sourcecode.swift; path = TradeListViewModel.swift; sourceTree = "<group>"; };
		820741C22BC9034400CB4584 /* UserListViewModel.swift */ = {isa = PBXFileReference; lastKnownFileType = sourcecode.swift; path = UserListViewModel.swift; sourceTree = "<group>"; };
		820741C72BCDFC5B00CB4584 /* BannerEditView.swift */ = {isa = PBXFileReference; lastKnownFileType = sourcecode.swift; path = BannerEditView.swift; sourceTree = "<group>"; };
		820741C92BCDFCDC00CB4584 /* BannerEditViewModel.swift */ = {isa = PBXFileReference; lastKnownFileType = sourcecode.swift; path = BannerEditViewModel.swift; sourceTree = "<group>"; };
		820741CB2BCE009600CB4584 /* BannerEditDetailView.swift */ = {isa = PBXFileReference; lastKnownFileType = sourcecode.swift; path = BannerEditDetailView.swift; sourceTree = "<group>"; };
		82D9177A2BCE43330054FF5D /* InquiryView.swift */ = {isa = PBXFileReference; lastKnownFileType = sourcecode.swift; path = InquiryView.swift; sourceTree = "<group>"; };
		82FB378F2BD0FF0000F0B78A /* AuthenticationView.swift */ = {isa = PBXFileReference; lastKnownFileType = sourcecode.swift; path = AuthenticationView.swift; sourceTree = "<group>"; };
		82FB37912BD0FF1B00F0B78A /* AuthenticationViewModel.swift */ = {isa = PBXFileReference; lastKnownFileType = sourcecode.swift; path = AuthenticationViewModel.swift; sourceTree = "<group>"; };
		82FB37C12BD105A400F0B78A /* UserDefaultsClient.swift */ = {isa = PBXFileReference; lastKnownFileType = sourcecode.swift; path = UserDefaultsClient.swift; sourceTree = "<group>"; };
		82FB37C32BD1062400F0B78A /* ANBDFont.swift */ = {isa = PBXFileReference; lastKnownFileType = sourcecode.swift; path = ANBDFont.swift; sourceTree = "<group>"; };
		82FB37C72BD1070300F0B78A /* TextFieldWithTitle.swift */ = {isa = PBXFileReference; lastKnownFileType = sourcecode.swift; path = TextFieldWithTitle.swift; sourceTree = "<group>"; };
		82FB37CA2BD1074900F0B78A /* BlueSquareButton.swift */ = {isa = PBXFileReference; lastKnownFileType = sourcecode.swift; path = BlueSquareButton.swift; sourceTree = "<group>"; };
		82FB37CD2BD1125700F0B78A /* CustomAlertView.swift */ = {isa = PBXFileReference; lastKnownFileType = sourcecode.swift; path = CustomAlertView.swift; sourceTree = "<group>"; };
		CB7BEDCF2BBD4EE300C0F298 /* ANBDAdmin.app */ = {isa = PBXFileReference; explicitFileType = wrapper.application; includeInIndex = 0; path = ANBDAdmin.app; sourceTree = BUILT_PRODUCTS_DIR; };
		CB7BEDD22BBD4EE300C0F298 /* ANBDAdminApp.swift */ = {isa = PBXFileReference; lastKnownFileType = sourcecode.swift; path = ANBDAdminApp.swift; sourceTree = "<group>"; };
		CB7BEDD62BBD4EE500C0F298 /* Assets.xcassets */ = {isa = PBXFileReference; lastKnownFileType = folder.assetcatalog; path = Assets.xcassets; sourceTree = "<group>"; };
		CB7BEDE82BBD537A00C0F298 /* Pretendard-Bold.otf */ = {isa = PBXFileReference; lastKnownFileType = file; path = "Pretendard-Bold.otf"; sourceTree = "<group>"; };
		CB7BEDE92BBD537A00C0F298 /* Pretendard-Medium.otf */ = {isa = PBXFileReference; lastKnownFileType = file; path = "Pretendard-Medium.otf"; sourceTree = "<group>"; };
		CB7BEDEA2BBD537A00C0F298 /* Pretendard-Regular.otf */ = {isa = PBXFileReference; lastKnownFileType = file; path = "Pretendard-Regular.otf"; sourceTree = "<group>"; };
		CB7BEDEB2BBD537A00C0F298 /* Pretendard-SemiBold.otf */ = {isa = PBXFileReference; lastKnownFileType = file; path = "Pretendard-SemiBold.otf"; sourceTree = "<group>"; };
		CB7BEDF12BBD538A00C0F298 /* Colors.xcassets */ = {isa = PBXFileReference; lastKnownFileType = folder.assetcatalog; path = Colors.xcassets; sourceTree = "<group>"; };
		CB7BEE442BBD5C3D00C0F298 /* GoogleService-Info.plist */ = {isa = PBXFileReference; fileEncoding = 4; lastKnownFileType = text.plist.xml; path = "GoogleService-Info.plist"; sourceTree = "<group>"; };
/* End PBXFileReference section */

/* Begin PBXFrameworksBuildPhase section */
		CB7BEDCC2BBD4EE300C0F298 /* Frameworks */ = {
			isa = PBXFrameworksBuildPhase;
			buildActionMask = 2147483647;
			files = (
				CB7BEE412BBD588000C0F298 /* ANBDModel in Frameworks */,
			);
			runOnlyForDeploymentPostprocessing = 0;
		};
/* End PBXFrameworksBuildPhase section */

/* Begin PBXGroup section */
		820741A42BC8EF0600CB4584 /* ANBDArticle */ = {
			isa = PBXGroup;
			children = (
				820741A32BC8EF0600CB4584 /* ArticleListView.swift */,
				820741BE2BC9000900CB4584 /* ArticleListViewModel.swift */,
				820741A22BC8EF0600CB4584 /* ArticleListDetailView.swift */,
			);
			path = ANBDArticle;
			sourceTree = "<group>";
		};
		820741A72BC8EF0600CB4584 /* ANBDTrade */ = {
			isa = PBXGroup;
			children = (
				820741A62BC8EF0600CB4584 /* TradeListView.swift */,
				820741C02BC9014200CB4584 /* TradeListViewModel.swift */,
				820741A52BC8EF0600CB4584 /* TradeListDetailView.swift */,
			);
			path = ANBDTrade;
			sourceTree = "<group>";
		};
		820741AA2BC8EF0600CB4584 /* ReportedArticle */ = {
			isa = PBXGroup;
			children = (
				820741A92BC8EF0600CB4584 /* ReportedArticleListView.swift */,
				820741A82BC8EF0600CB4584 /* ReportedArticleListDetailView.swift */,
			);
			path = ReportedArticle;
			sourceTree = "<group>";
		};
		820741AD2BC8EF0600CB4584 /* ReportedComment */ = {
			isa = PBXGroup;
			children = (
				820741AC2BC8EF0600CB4584 /* ReportedCommentListView.swift */,
				820741AB2BC8EF0600CB4584 /* ReportedCommentListDetailView.swift */,
			);
			path = ReportedComment;
			sourceTree = "<group>";
		};
		820741B02BC8EF0600CB4584 /* AllUserList */ = {
			isa = PBXGroup;
			children = (
				820741AF2BC8EF0600CB4584 /* UserListView.swift */,
				820741C22BC9034400CB4584 /* UserListViewModel.swift */,
				820741AE2BC8EF0600CB4584 /* UserListDetailView.swift */,
			);
			path = AllUserList;
			sourceTree = "<group>";
		};
		820741B22BC8EF0600CB4584 /* Presentaion */ = {
			isa = PBXGroup;
			children = (
				820741B12BC8EF0600CB4584 /* ANBDAdminAppHomeView.swift */,
				82FB378D2BD0FE7300F0B78A /* Auth */,
				820741C62BCDFC2E00CB4584 /* BannerEdit */,
				820741A42BC8EF0600CB4584 /* ANBDArticle */,
				820741A72BC8EF0600CB4584 /* ANBDTrade */,
				820741AA2BC8EF0600CB4584 /* ReportedArticle */,
				820741AD2BC8EF0600CB4584 /* ReportedComment */,
				820741B02BC8EF0600CB4584 /* AllUserList */,
				82D917792BCE42FF0054FF5D /* Inquiry */,
			);
			path = Presentaion;
			sourceTree = "<group>";
		};
		820741C62BCDFC2E00CB4584 /* BannerEdit */ = {
			isa = PBXGroup;
			children = (
				820741C72BCDFC5B00CB4584 /* BannerEditView.swift */,
				820741C92BCDFCDC00CB4584 /* BannerEditViewModel.swift */,
				820741CB2BCE009600CB4584 /* BannerEditDetailView.swift */,
			);
			path = BannerEdit;
			sourceTree = "<group>";
		};
		82D917792BCE42FF0054FF5D /* Inquiry */ = {
			isa = PBXGroup;
			children = (
				82D9177A2BCE43330054FF5D /* InquiryView.swift */,
			);
			path = Inquiry;
			sourceTree = "<group>";
		};
		82FB378D2BD0FE7300F0B78A /* Auth */ = {
			isa = PBXGroup;
			children = (
				82FB378F2BD0FF0000F0B78A /* AuthenticationView.swift */,
				82FB37912BD0FF1B00F0B78A /* AuthenticationViewModel.swift */,
			);
			path = Auth;
			sourceTree = "<group>";
		};
		82FB37C02BD1056800F0B78A /* Util */ = {
			isa = PBXGroup;
			children = (
				82FB37C12BD105A400F0B78A /* UserDefaultsClient.swift */,
				82FB37C32BD1062400F0B78A /* ANBDFont.swift */,
			);
			name = Util;
			path = ../../../ANBDConsumer/ANBDConsumer/Common/Util;
			sourceTree = "<group>";
		};
		82FB37C52BD1069800F0B78A /* CommonUI */ = {
			isa = PBXGroup;
			children = (
				82FB37CC2BD1123D00F0B78A /* View */,
				82FB37C92BD1071D00F0B78A /* Button */,
				82FB37C62BD106D300F0B78A /* TextField */,
			);
			path = CommonUI;
			sourceTree = "<group>";
		};
		82FB37C62BD106D300F0B78A /* TextField */ = {
			isa = PBXGroup;
			children = (
				82FB37C72BD1070300F0B78A /* TextFieldWithTitle.swift */,
			);
			path = TextField;
			sourceTree = "<group>";
		};
		82FB37C92BD1071D00F0B78A /* Button */ = {
			isa = PBXGroup;
			children = (
				82FB37CA2BD1074900F0B78A /* BlueSquareButton.swift */,
			);
			path = Button;
			sourceTree = "<group>";
		};
		82FB37CC2BD1123D00F0B78A /* View */ = {
			isa = PBXGroup;
			children = (
				82FB37CD2BD1125700F0B78A /* CustomAlertView.swift */,
			);
			path = View;
			sourceTree = "<group>";
		};
		CB7BEDC62BBD4EE300C0F298 = {
			isa = PBXGroup;
			children = (
				CB7BEDD12BBD4EE300C0F298 /* ANBDAdmin */,
				CB7BEDD02BBD4EE300C0F298 /* Products */,
				CB7BEE3F2BBD588000C0F298 /* Frameworks */,
			);
			sourceTree = "<group>";
		};
		CB7BEDD02BBD4EE300C0F298 /* Products */ = {
			isa = PBXGroup;
			children = (
				CB7BEDCF2BBD4EE300C0F298 /* ANBDAdmin.app */,
			);
			name = Products;
			sourceTree = "<group>";
		};
		CB7BEDD12BBD4EE300C0F298 /* ANBDAdmin */ = {
			isa = PBXGroup;
			children = (
				CB7BEDFE2BBD542700C0F298 /* App */,
				CB7BEE082BBD55A900C0F298 /* Common */,
				820741B22BC8EF0600CB4584 /* Presentaion */,
				82FB37C52BD1069800F0B78A /* CommonUI */,
				CB7BEE032BBD54D900C0F298 /* Resource */,
			);
			path = ANBDAdmin;
			sourceTree = "<group>";
		};
		CB7BEDEC2BBD537A00C0F298 /* Font */ = {
			isa = PBXGroup;
			children = (
				CB7BEDE82BBD537A00C0F298 /* Pretendard-Bold.otf */,
				CB7BEDE92BBD537A00C0F298 /* Pretendard-Medium.otf */,
				CB7BEDEA2BBD537A00C0F298 /* Pretendard-Regular.otf */,
				CB7BEDEB2BBD537A00C0F298 /* Pretendard-SemiBold.otf */,
			);
			path = Font;
			sourceTree = "<group>";
		};
		CB7BEDFE2BBD542700C0F298 /* App */ = {
			isa = PBXGroup;
			children = (
				CB7BEDD22BBD4EE300C0F298 /* ANBDAdminApp.swift */,
			);
			path = App;
			sourceTree = "<group>";
		};
		CB7BEE032BBD54D900C0F298 /* Resource */ = {
			isa = PBXGroup;
			children = (
				CB7BEE442BBD5C3D00C0F298 /* GoogleService-Info.plist */,
				CB7BEDEC2BBD537A00C0F298 /* Font */,
				CB7BEDD62BBD4EE500C0F298 /* Assets.xcassets */,
				CB7BEDF12BBD538A00C0F298 /* Colors.xcassets */,
			);
			path = Resource;
			sourceTree = "<group>";
		};
		CB7BEE082BBD55A900C0F298 /* Common */ = {
			isa = PBXGroup;
			children = (
				820741842BC8EEAE00CB4584 /* dateFormatter.swift */,
				82FB37C02BD1056800F0B78A /* Util */,
			);
			path = Common;
			sourceTree = "<group>";
		};
		CB7BEE3F2BBD588000C0F298 /* Frameworks */ = {
			isa = PBXGroup;
			children = (
			);
			name = Frameworks;
			sourceTree = "<group>";
		};
/* End PBXGroup section */

/* Begin PBXNativeTarget section */
		CB7BEDCE2BBD4EE300C0F298 /* ANBDAdmin */ = {
			isa = PBXNativeTarget;
			buildConfigurationList = CB7BEDDD2BBD4EE500C0F298 /* Build configuration list for PBXNativeTarget "ANBDAdmin" */;
			buildPhases = (
				CB7BEDCB2BBD4EE300C0F298 /* Sources */,
				CB7BEDCC2BBD4EE300C0F298 /* Frameworks */,
				CB7BEDCD2BBD4EE300C0F298 /* Resources */,
			);
			buildRules = (
			);
			dependencies = (
			);
			name = ANBDAdmin;
			packageProductDependencies = (
				CB7BEE402BBD588000C0F298 /* ANBDModel */,
			);
			productName = ANBDAdmin;
			productReference = CB7BEDCF2BBD4EE300C0F298 /* ANBDAdmin.app */;
			productType = "com.apple.product-type.application";
		};
/* End PBXNativeTarget section */

/* Begin PBXProject section */
		CB7BEDC72BBD4EE300C0F298 /* Project object */ = {
			isa = PBXProject;
			attributes = {
				BuildIndependentTargetsInParallel = 1;
				LastSwiftUpdateCheck = 1530;
				LastUpgradeCheck = 1530;
				TargetAttributes = {
					CB7BEDCE2BBD4EE300C0F298 = {
						CreatedOnToolsVersion = 15.3;
					};
				};
			};
			buildConfigurationList = CB7BEDCA2BBD4EE300C0F298 /* Build configuration list for PBXProject "ANBDAdmin" */;
			compatibilityVersion = "Xcode 14.0";
			developmentRegion = en;
			hasScannedForEncodings = 0;
			knownRegions = (
				en,
				Base,
			);
			mainGroup = CB7BEDC62BBD4EE300C0F298;
			productRefGroup = CB7BEDD02BBD4EE300C0F298 /* Products */;
			projectDirPath = "";
			projectRoot = "";
			targets = (
				CB7BEDCE2BBD4EE300C0F298 /* ANBDAdmin */,
			);
		};
/* End PBXProject section */

/* Begin PBXResourcesBuildPhase section */
		CB7BEDCD2BBD4EE300C0F298 /* Resources */ = {
			isa = PBXResourcesBuildPhase;
			buildActionMask = 2147483647;
			files = (
				CB7BEDD72BBD4EE500C0F298 /* Assets.xcassets in Resources */,
				CB7BEDED2BBD537A00C0F298 /* Pretendard-Bold.otf in Resources */,
				CB7BEDEF2BBD537A00C0F298 /* Pretendard-Regular.otf in Resources */,
				CB7BEDF22BBD538A00C0F298 /* Colors.xcassets in Resources */,
				CB7BEE452BBD5C3D00C0F298 /* GoogleService-Info.plist in Resources */,
				CB7BEDF02BBD537A00C0F298 /* Pretendard-SemiBold.otf in Resources */,
				CB7BEDEE2BBD537A00C0F298 /* Pretendard-Medium.otf in Resources */,
			);
			runOnlyForDeploymentPostprocessing = 0;
		};
/* End PBXResourcesBuildPhase section */

/* Begin PBXSourcesBuildPhase section */
		CB7BEDCB2BBD4EE300C0F298 /* Sources */ = {
			isa = PBXSourcesBuildPhase;
			buildActionMask = 2147483647;
			files = (
				820741B82BC8EF0700CB4584 /* ReportedArticleListView.swift in Sources */,
				820741B52BC8EF0700CB4584 /* TradeListDetailView.swift in Sources */,
				820741B92BC8EF0700CB4584 /* ReportedCommentListDetailView.swift in Sources */,
				82FB37CE2BD1125700F0B78A /* CustomAlertView.swift in Sources */,
				CB7BEDD32BBD4EE300C0F298 /* ANBDAdminApp.swift in Sources */,
				820741B72BC8EF0700CB4584 /* ReportedArticleListDetailView.swift in Sources */,
				82FB37C42BD1062400F0B78A /* ANBDFont.swift in Sources */,
				820741CC2BCE009600CB4584 /* BannerEditDetailView.swift in Sources */,
				820741852BC8EEAE00CB4584 /* dateFormatter.swift in Sources */,
				82FB37C82BD1070300F0B78A /* TextFieldWithTitle.swift in Sources */,
				82D9177B2BCE43330054FF5D /* InquiryView.swift in Sources */,
				820741B62BC8EF0700CB4584 /* TradeListView.swift in Sources */,
				820741BD2BC8EF0700CB4584 /* ANBDAdminAppHomeView.swift in Sources */,
				820741BC2BC8EF0700CB4584 /* UserListView.swift in Sources */,
				820741C32BC9034400CB4584 /* UserListViewModel.swift in Sources */,
				82FB37CB2BD1074900F0B78A /* BlueSquareButton.swift in Sources */,
				820741B32BC8EF0700CB4584 /* ArticleListDetailView.swift in Sources */,
				820741BB2BC8EF0700CB4584 /* UserListDetailView.swift in Sources */,
				820741B42BC8EF0700CB4584 /* ArticleListView.swift in Sources */,
				82FB37922BD0FF1B00F0B78A /* AuthenticationViewModel.swift in Sources */,
				82FB37C22BD105A400F0B78A /* UserDefaultsClient.swift in Sources */,
				820741C82BCDFC5B00CB4584 /* BannerEditView.swift in Sources */,
				820741BA2BC8EF0700CB4584 /* ReportedCommentListView.swift in Sources */,
				82FB37902BD0FF0000F0B78A /* AuthenticationView.swift in Sources */,
				820741C12BC9014200CB4584 /* TradeListViewModel.swift in Sources */,
				820741CA2BCDFCDC00CB4584 /* BannerEditViewModel.swift in Sources */,
				820741BF2BC9000900CB4584 /* ArticleListViewModel.swift in Sources */,
			);
			runOnlyForDeploymentPostprocessing = 0;
		};
/* End PBXSourcesBuildPhase section */

/* Begin XCBuildConfiguration section */
		CB7BEDDB2BBD4EE500C0F298 /* Debug */ = {
			isa = XCBuildConfiguration;
			buildSettings = {
				ALWAYS_SEARCH_USER_PATHS = NO;
				ASSETCATALOG_COMPILER_GENERATE_SWIFT_ASSET_SYMBOL_EXTENSIONS = YES;
				CLANG_ANALYZER_NONNULL = YES;
				CLANG_ANALYZER_NUMBER_OBJECT_CONVERSION = YES_AGGRESSIVE;
				CLANG_CXX_LANGUAGE_STANDARD = "gnu++20";
				CLANG_ENABLE_MODULES = YES;
				CLANG_ENABLE_OBJC_ARC = YES;
				CLANG_ENABLE_OBJC_WEAK = YES;
				CLANG_WARN_BLOCK_CAPTURE_AUTORELEASING = YES;
				CLANG_WARN_BOOL_CONVERSION = YES;
				CLANG_WARN_COMMA = YES;
				CLANG_WARN_CONSTANT_CONVERSION = YES;
				CLANG_WARN_DEPRECATED_OBJC_IMPLEMENTATIONS = YES;
				CLANG_WARN_DIRECT_OBJC_ISA_USAGE = YES_ERROR;
				CLANG_WARN_DOCUMENTATION_COMMENTS = YES;
				CLANG_WARN_EMPTY_BODY = YES;
				CLANG_WARN_ENUM_CONVERSION = YES;
				CLANG_WARN_INFINITE_RECURSION = YES;
				CLANG_WARN_INT_CONVERSION = YES;
				CLANG_WARN_NON_LITERAL_NULL_CONVERSION = YES;
				CLANG_WARN_OBJC_IMPLICIT_RETAIN_SELF = YES;
				CLANG_WARN_OBJC_LITERAL_CONVERSION = YES;
				CLANG_WARN_OBJC_ROOT_CLASS = YES_ERROR;
				CLANG_WARN_QUOTED_INCLUDE_IN_FRAMEWORK_HEADER = YES;
				CLANG_WARN_RANGE_LOOP_ANALYSIS = YES;
				CLANG_WARN_STRICT_PROTOTYPES = YES;
				CLANG_WARN_SUSPICIOUS_MOVE = YES;
				CLANG_WARN_UNGUARDED_AVAILABILITY = YES_AGGRESSIVE;
				CLANG_WARN_UNREACHABLE_CODE = YES;
				CLANG_WARN__DUPLICATE_METHOD_MATCH = YES;
				COPY_PHASE_STRIP = NO;
				DEBUG_INFORMATION_FORMAT = dwarf;
				ENABLE_STRICT_OBJC_MSGSEND = YES;
				ENABLE_TESTABILITY = YES;
				ENABLE_USER_SCRIPT_SANDBOXING = YES;
				GCC_C_LANGUAGE_STANDARD = gnu17;
				GCC_DYNAMIC_NO_PIC = NO;
				GCC_NO_COMMON_BLOCKS = YES;
				GCC_OPTIMIZATION_LEVEL = 0;
				GCC_PREPROCESSOR_DEFINITIONS = (
					"DEBUG=1",
					"$(inherited)",
				);
				GCC_WARN_64_TO_32_BIT_CONVERSION = YES;
				GCC_WARN_ABOUT_RETURN_TYPE = YES_ERROR;
				GCC_WARN_UNDECLARED_SELECTOR = YES;
				GCC_WARN_UNINITIALIZED_AUTOS = YES_AGGRESSIVE;
				GCC_WARN_UNUSED_FUNCTION = YES;
				GCC_WARN_UNUSED_VARIABLE = YES;
				IPHONEOS_DEPLOYMENT_TARGET = 16.0;
				LOCALIZATION_PREFERS_STRING_CATALOGS = YES;
				MTL_ENABLE_DEBUG_INFO = INCLUDE_SOURCE;
				MTL_FAST_MATH = YES;
				ONLY_ACTIVE_ARCH = YES;
				SDKROOT = iphoneos;
				SWIFT_ACTIVE_COMPILATION_CONDITIONS = "DEBUG $(inherited)";
				SWIFT_OPTIMIZATION_LEVEL = "-Onone";
			};
			name = Debug;
		};
		CB7BEDDC2BBD4EE500C0F298 /* Release */ = {
			isa = XCBuildConfiguration;
			buildSettings = {
				ALWAYS_SEARCH_USER_PATHS = NO;
				ASSETCATALOG_COMPILER_GENERATE_SWIFT_ASSET_SYMBOL_EXTENSIONS = YES;
				CLANG_ANALYZER_NONNULL = YES;
				CLANG_ANALYZER_NUMBER_OBJECT_CONVERSION = YES_AGGRESSIVE;
				CLANG_CXX_LANGUAGE_STANDARD = "gnu++20";
				CLANG_ENABLE_MODULES = YES;
				CLANG_ENABLE_OBJC_ARC = YES;
				CLANG_ENABLE_OBJC_WEAK = YES;
				CLANG_WARN_BLOCK_CAPTURE_AUTORELEASING = YES;
				CLANG_WARN_BOOL_CONVERSION = YES;
				CLANG_WARN_COMMA = YES;
				CLANG_WARN_CONSTANT_CONVERSION = YES;
				CLANG_WARN_DEPRECATED_OBJC_IMPLEMENTATIONS = YES;
				CLANG_WARN_DIRECT_OBJC_ISA_USAGE = YES_ERROR;
				CLANG_WARN_DOCUMENTATION_COMMENTS = YES;
				CLANG_WARN_EMPTY_BODY = YES;
				CLANG_WARN_ENUM_CONVERSION = YES;
				CLANG_WARN_INFINITE_RECURSION = YES;
				CLANG_WARN_INT_CONVERSION = YES;
				CLANG_WARN_NON_LITERAL_NULL_CONVERSION = YES;
				CLANG_WARN_OBJC_IMPLICIT_RETAIN_SELF = YES;
				CLANG_WARN_OBJC_LITERAL_CONVERSION = YES;
				CLANG_WARN_OBJC_ROOT_CLASS = YES_ERROR;
				CLANG_WARN_QUOTED_INCLUDE_IN_FRAMEWORK_HEADER = YES;
				CLANG_WARN_RANGE_LOOP_ANALYSIS = YES;
				CLANG_WARN_STRICT_PROTOTYPES = YES;
				CLANG_WARN_SUSPICIOUS_MOVE = YES;
				CLANG_WARN_UNGUARDED_AVAILABILITY = YES_AGGRESSIVE;
				CLANG_WARN_UNREACHABLE_CODE = YES;
				CLANG_WARN__DUPLICATE_METHOD_MATCH = YES;
				COPY_PHASE_STRIP = NO;
				DEBUG_INFORMATION_FORMAT = "dwarf-with-dsym";
				ENABLE_NS_ASSERTIONS = NO;
				ENABLE_STRICT_OBJC_MSGSEND = YES;
				ENABLE_USER_SCRIPT_SANDBOXING = YES;
				GCC_C_LANGUAGE_STANDARD = gnu17;
				GCC_NO_COMMON_BLOCKS = YES;
				GCC_WARN_64_TO_32_BIT_CONVERSION = YES;
				GCC_WARN_ABOUT_RETURN_TYPE = YES_ERROR;
				GCC_WARN_UNDECLARED_SELECTOR = YES;
				GCC_WARN_UNINITIALIZED_AUTOS = YES_AGGRESSIVE;
				GCC_WARN_UNUSED_FUNCTION = YES;
				GCC_WARN_UNUSED_VARIABLE = YES;
				IPHONEOS_DEPLOYMENT_TARGET = 16.0;
				LOCALIZATION_PREFERS_STRING_CATALOGS = YES;
				MTL_ENABLE_DEBUG_INFO = NO;
				MTL_FAST_MATH = YES;
				SDKROOT = iphoneos;
				SWIFT_COMPILATION_MODE = wholemodule;
				VALIDATE_PRODUCT = YES;
			};
			name = Release;
		};
		CB7BEDDE2BBD4EE500C0F298 /* Debug */ = {
			isa = XCBuildConfiguration;
			buildSettings = {
				ASSETCATALOG_COMPILER_APPICON_NAME = AppIcon;
				ASSETCATALOG_COMPILER_GLOBAL_ACCENT_COLOR_NAME = AccentColor;
				CODE_SIGN_STYLE = Automatic;
				CURRENT_PROJECT_VERSION = 1;
				DEVELOPMENT_ASSET_PATHS = "";
				DEVELOPMENT_TEAM = 6R3M7VGRP2;
				ENABLE_PREVIEWS = YES;
				GENERATE_INFOPLIST_FILE = YES;
				INFOPLIST_KEY_UIApplicationSceneManifest_Generation = YES;
				INFOPLIST_KEY_UIApplicationSupportsIndirectInputEvents = YES;
				INFOPLIST_KEY_UILaunchScreen_Generation = YES;
				INFOPLIST_KEY_UISupportedInterfaceOrientations = "UIInterfaceOrientationLandscapeLeft UIInterfaceOrientationLandscapeRight UIInterfaceOrientationPortrait";
				INFOPLIST_KEY_UISupportedInterfaceOrientations_iPad = "UIInterfaceOrientationLandscapeLeft UIInterfaceOrientationLandscapeRight";
				IPHONEOS_DEPLOYMENT_TARGET = 16.0;
				LD_RUNPATH_SEARCH_PATHS = (
					"$(inherited)",
					"@executable_path/Frameworks",
				);
				MARKETING_VERSION = 1.0;
				PRODUCT_BUNDLE_IDENTIFIER = com.teamGG.ANBDAdmin;
				PRODUCT_NAME = "$(TARGET_NAME)";
				SUPPORTED_PLATFORMS = "iphoneos iphonesimulator";
				SUPPORTS_MACCATALYST = NO;
				SUPPORTS_MAC_DESIGNED_FOR_IPHONE_IPAD = NO;
				SUPPORTS_XR_DESIGNED_FOR_IPHONE_IPAD = NO;
				SWIFT_EMIT_LOC_STRINGS = YES;
				SWIFT_VERSION = 5.0;
				TARGETED_DEVICE_FAMILY = 2;
			};
			name = Debug;
		};
		CB7BEDDF2BBD4EE500C0F298 /* Release */ = {
			isa = XCBuildConfiguration;
			buildSettings = {
				ASSETCATALOG_COMPILER_APPICON_NAME = AppIcon;
				ASSETCATALOG_COMPILER_GLOBAL_ACCENT_COLOR_NAME = AccentColor;
				CODE_SIGN_STYLE = Automatic;
				CURRENT_PROJECT_VERSION = 1;
				DEVELOPMENT_ASSET_PATHS = "";
				DEVELOPMENT_TEAM = 6R3M7VGRP2;
				ENABLE_PREVIEWS = YES;
				GENERATE_INFOPLIST_FILE = YES;
				INFOPLIST_KEY_UIApplicationSceneManifest_Generation = YES;
				INFOPLIST_KEY_UIApplicationSupportsIndirectInputEvents = YES;
				INFOPLIST_KEY_UILaunchScreen_Generation = YES;
				INFOPLIST_KEY_UISupportedInterfaceOrientations = "UIInterfaceOrientationLandscapeLeft UIInterfaceOrientationLandscapeRight UIInterfaceOrientationPortrait";
				INFOPLIST_KEY_UISupportedInterfaceOrientations_iPad = "UIInterfaceOrientationLandscapeLeft UIInterfaceOrientationLandscapeRight";
				IPHONEOS_DEPLOYMENT_TARGET = 16.0;
				LD_RUNPATH_SEARCH_PATHS = (
					"$(inherited)",
					"@executable_path/Frameworks",
				);
				MARKETING_VERSION = 1.0;
				PRODUCT_BUNDLE_IDENTIFIER = com.teamGG.ANBDAdmin;
				PRODUCT_NAME = "$(TARGET_NAME)";
				SUPPORTED_PLATFORMS = "iphoneos iphonesimulator";
				SUPPORTS_MACCATALYST = NO;
				SUPPORTS_MAC_DESIGNED_FOR_IPHONE_IPAD = NO;
				SUPPORTS_XR_DESIGNED_FOR_IPHONE_IPAD = NO;
				SWIFT_EMIT_LOC_STRINGS = YES;
				SWIFT_VERSION = 5.0;
				TARGETED_DEVICE_FAMILY = 2;
			};
			name = Release;
		};
/* End XCBuildConfiguration section */

/* Begin XCConfigurationList section */
		CB7BEDCA2BBD4EE300C0F298 /* Build configuration list for PBXProject "ANBDAdmin" */ = {
			isa = XCConfigurationList;
			buildConfigurations = (
				CB7BEDDB2BBD4EE500C0F298 /* Debug */,
				CB7BEDDC2BBD4EE500C0F298 /* Release */,
			);
			defaultConfigurationIsVisible = 0;
			defaultConfigurationName = Release;
		};
		CB7BEDDD2BBD4EE500C0F298 /* Build configuration list for PBXNativeTarget "ANBDAdmin" */ = {
			isa = XCConfigurationList;
			buildConfigurations = (
				CB7BEDDE2BBD4EE500C0F298 /* Debug */,
				CB7BEDDF2BBD4EE500C0F298 /* Release */,
			);
			defaultConfigurationIsVisible = 0;
			defaultConfigurationName = Release;
		};
/* End XCConfigurationList section */

/* Begin XCSwiftPackageProductDependency section */
		CB7BEE402BBD588000C0F298 /* ANBDModel */ = {
			isa = XCSwiftPackageProductDependency;
			productName = ANBDModel;
		};
/* End XCSwiftPackageProductDependency section */
	};
	rootObject = CB7BEDC72BBD4EE300C0F298 /* Project object */;
}
