// !$*UTF8*$!
{
	archiveVersion = 1;
	classes = {
	};
	objectVersion = 56;
	objects = {

/* Begin PBXBuildFile section */
		82318E6A2BD5B5360071DB7A /* BlueSquareButton.swift in Sources */ = {isa = PBXBuildFile; fileRef = 82318E362BD5B5360071DB7A /* BlueSquareButton.swift */; };
		82318E6B2BD5B5360071DB7A /* TextFieldWithTitle.swift in Sources */ = {isa = PBXBuildFile; fileRef = 82318E382BD5B5360071DB7A /* TextFieldWithTitle.swift */; };
		82318E6C2BD5B5360071DB7A /* CustomAlertView.swift in Sources */ = {isa = PBXBuildFile; fileRef = 82318E3A2BD5B5360071DB7A /* CustomAlertView.swift */; };
		82318E6D2BD5B5360071DB7A /* UserListDetailView.swift in Sources */ = {isa = PBXBuildFile; fileRef = 82318E3D2BD5B5360071DB7A /* UserListDetailView.swift */; };
		82318E6E2BD5B5360071DB7A /* UserListView.swift in Sources */ = {isa = PBXBuildFile; fileRef = 82318E3E2BD5B5360071DB7A /* UserListView.swift */; };
		82318E6F2BD5B5360071DB7A /* UserListViewModel.swift in Sources */ = {isa = PBXBuildFile; fileRef = 82318E3F2BD5B5360071DB7A /* UserListViewModel.swift */; };
		82318E702BD5B5360071DB7A /* ArticleListDetailView.swift in Sources */ = {isa = PBXBuildFile; fileRef = 82318E412BD5B5360071DB7A /* ArticleListDetailView.swift */; };
		82318E712BD5B5360071DB7A /* ArticleListView.swift in Sources */ = {isa = PBXBuildFile; fileRef = 82318E422BD5B5360071DB7A /* ArticleListView.swift */; };
		82318E722BD5B5360071DB7A /* ArticleListViewModel.swift in Sources */ = {isa = PBXBuildFile; fileRef = 82318E432BD5B5360071DB7A /* ArticleListViewModel.swift */; };
		82318E732BD5B5360071DB7A /* AuthenticationView.swift in Sources */ = {isa = PBXBuildFile; fileRef = 82318E452BD5B5360071DB7A /* AuthenticationView.swift */; };
		82318E742BD5B5360071DB7A /* AuthenticationViewModel.swift in Sources */ = {isa = PBXBuildFile; fileRef = 82318E462BD5B5360071DB7A /* AuthenticationViewModel.swift */; };
		82318E752BD5B5360071DB7A /* BannerEditDetailView.swift in Sources */ = {isa = PBXBuildFile; fileRef = 82318E482BD5B5360071DB7A /* BannerEditDetailView.swift */; };
		82318E762BD5B5360071DB7A /* BannerEditView.swift in Sources */ = {isa = PBXBuildFile; fileRef = 82318E492BD5B5360071DB7A /* BannerEditView.swift */; };
		82318E772BD5B5360071DB7A /* BannerEditViewModel.swift in Sources */ = {isa = PBXBuildFile; fileRef = 82318E4A2BD5B5360071DB7A /* BannerEditViewModel.swift */; };
		82318E792BD5B5360071DB7A /* CommentView.swift in Sources */ = {isa = PBXBuildFile; fileRef = 82318E4D2BD5B5360071DB7A /* CommentView.swift */; };
		82318E7A2BD5B5360071DB7A /* CommentListViewModel.swift in Sources */ = {isa = PBXBuildFile; fileRef = 82318E4E2BD5B5360071DB7A /* CommentListViewModel.swift */; };
		82318E7C2BD5B5360071DB7A /* ReportListView.swift in Sources */ = {isa = PBXBuildFile; fileRef = 82318E522BD5B5360071DB7A /* ReportListView.swift */; };
		82318E7D2BD5B5360071DB7A /* TradeListDetailView.swift in Sources */ = {isa = PBXBuildFile; fileRef = 82318E542BD5B5360071DB7A /* TradeListDetailView.swift */; };
		82318E7E2BD5B5360071DB7A /* TradeListView.swift in Sources */ = {isa = PBXBuildFile; fileRef = 82318E552BD5B5360071DB7A /* TradeListView.swift */; };
		82318E7F2BD5B5360071DB7A /* TradeListViewModel.swift in Sources */ = {isa = PBXBuildFile; fileRef = 82318E562BD5B5360071DB7A /* TradeListViewModel.swift */; };
		82318E802BD5B5360071DB7A /* ANBDAdminAppHomeView.swift in Sources */ = {isa = PBXBuildFile; fileRef = 82318E582BD5B5360071DB7A /* ANBDAdminAppHomeView.swift */; };
		82318E812BD5B5360071DB7A /* ANBDAdminApp.swift in Sources */ = {isa = PBXBuildFile; fileRef = 82318E5A2BD5B5360071DB7A /* ANBDAdminApp.swift */; };
		82318E822BD5B5360071DB7A /* Pretendard-Bold.otf in Resources */ = {isa = PBXBuildFile; fileRef = 82318E5C2BD5B5360071DB7A /* Pretendard-Bold.otf */; };
		82318E832BD5B5360071DB7A /* Pretendard-Medium.otf in Resources */ = {isa = PBXBuildFile; fileRef = 82318E5D2BD5B5360071DB7A /* Pretendard-Medium.otf */; };
		82318E842BD5B5360071DB7A /* Pretendard-Regular.otf in Resources */ = {isa = PBXBuildFile; fileRef = 82318E5E2BD5B5360071DB7A /* Pretendard-Regular.otf */; };
		82318E852BD5B5360071DB7A /* Pretendard-SemiBold.otf in Resources */ = {isa = PBXBuildFile; fileRef = 82318E5F2BD5B5360071DB7A /* Pretendard-SemiBold.otf */; };
		82318E862BD5B5360071DB7A /* Assets.xcassets in Resources */ = {isa = PBXBuildFile; fileRef = 82318E612BD5B5360071DB7A /* Assets.xcassets */; };
		82318E872BD5B5360071DB7A /* Colors.xcassets in Resources */ = {isa = PBXBuildFile; fileRef = 82318E622BD5B5360071DB7A /* Colors.xcassets */; };
		82318E892BD5B5360071DB7A /* ANBDFont.swift in Sources */ = {isa = PBXBuildFile; fileRef = 82318E652BD5B5360071DB7A /* ANBDFont.swift */; };
		82318E8A2BD5B5360071DB7A /* DateFormatter.swift in Sources */ = {isa = PBXBuildFile; fileRef = 82318E662BD5B5360071DB7A /* DateFormatter.swift */; };
		82318E8B2BD5B5360071DB7A /* UserDefaultsClient.swift in Sources */ = {isa = PBXBuildFile; fileRef = 82318E672BD5B5360071DB7A /* UserDefaultsClient.swift */; };
		825EC3082BDA506900BED004 /* CopyableText.swift in Sources */ = {isa = PBXBuildFile; fileRef = 825EC3072BDA506900BED004 /* CopyableText.swift */; };
		825EC30A2BDB983700BED004 /* EmptyInfoView.swift in Sources */ = {isa = PBXBuildFile; fileRef = 825EC3092BDB983700BED004 /* EmptyInfoView.swift */; };
		825EC30D2BDB9E3000BED004 /* Kingfisher in Frameworks */ = {isa = PBXBuildFile; productRef = 825EC30C2BDB9E3000BED004 /* Kingfisher */; };
		82A717682BD62CE100D0C21F /* ReportListDetailView.swift in Sources */ = {isa = PBXBuildFile; fileRef = 82A717672BD62CE100D0C21F /* ReportListDetailView.swift */; };
		82A7176A2BD62CF300D0C21F /* ReportedListViewModel.swift in Sources */ = {isa = PBXBuildFile; fileRef = 82A717692BD62CF300D0C21F /* ReportedListViewModel.swift */; };
		82C458D52BDF7D7400688620 /* GoogleService-Info.plist in Resources */ = {isa = PBXBuildFile; fileRef = 82C458D42BDF7D7400688620 /* GoogleService-Info.plist */; };
		CB7BEE412BBD588000C0F298 /* ANBDModel in Frameworks */ = {isa = PBXBuildFile; productRef = CB7BEE402BBD588000C0F298 /* ANBDModel */; };
/* End PBXBuildFile section */

/* Begin PBXFileReference section */
		82318E362BD5B5360071DB7A /* BlueSquareButton.swift */ = {isa = PBXFileReference; fileEncoding = 4; lastKnownFileType = sourcecode.swift; path = BlueSquareButton.swift; sourceTree = "<group>"; };
		82318E382BD5B5360071DB7A /* TextFieldWithTitle.swift */ = {isa = PBXFileReference; fileEncoding = 4; lastKnownFileType = sourcecode.swift; path = TextFieldWithTitle.swift; sourceTree = "<group>"; };
		82318E3A2BD5B5360071DB7A /* CustomAlertView.swift */ = {isa = PBXFileReference; fileEncoding = 4; lastKnownFileType = sourcecode.swift; path = CustomAlertView.swift; sourceTree = "<group>"; };
		82318E3D2BD5B5360071DB7A /* UserListDetailView.swift */ = {isa = PBXFileReference; fileEncoding = 4; lastKnownFileType = sourcecode.swift; path = UserListDetailView.swift; sourceTree = "<group>"; };
		82318E3E2BD5B5360071DB7A /* UserListView.swift */ = {isa = PBXFileReference; fileEncoding = 4; lastKnownFileType = sourcecode.swift; path = UserListView.swift; sourceTree = "<group>"; };
		82318E3F2BD5B5360071DB7A /* UserListViewModel.swift */ = {isa = PBXFileReference; fileEncoding = 4; lastKnownFileType = sourcecode.swift; path = UserListViewModel.swift; sourceTree = "<group>"; };
		82318E412BD5B5360071DB7A /* ArticleListDetailView.swift */ = {isa = PBXFileReference; fileEncoding = 4; lastKnownFileType = sourcecode.swift; path = ArticleListDetailView.swift; sourceTree = "<group>"; };
		82318E422BD5B5360071DB7A /* ArticleListView.swift */ = {isa = PBXFileReference; fileEncoding = 4; lastKnownFileType = sourcecode.swift; path = ArticleListView.swift; sourceTree = "<group>"; };
		82318E432BD5B5360071DB7A /* ArticleListViewModel.swift */ = {isa = PBXFileReference; fileEncoding = 4; lastKnownFileType = sourcecode.swift; path = ArticleListViewModel.swift; sourceTree = "<group>"; };
		82318E452BD5B5360071DB7A /* AuthenticationView.swift */ = {isa = PBXFileReference; fileEncoding = 4; lastKnownFileType = sourcecode.swift; path = AuthenticationView.swift; sourceTree = "<group>"; };
		82318E462BD5B5360071DB7A /* AuthenticationViewModel.swift */ = {isa = PBXFileReference; fileEncoding = 4; lastKnownFileType = sourcecode.swift; path = AuthenticationViewModel.swift; sourceTree = "<group>"; };
		82318E482BD5B5360071DB7A /* BannerEditDetailView.swift */ = {isa = PBXFileReference; fileEncoding = 4; lastKnownFileType = sourcecode.swift; path = BannerEditDetailView.swift; sourceTree = "<group>"; };
		82318E492BD5B5360071DB7A /* BannerEditView.swift */ = {isa = PBXFileReference; fileEncoding = 4; lastKnownFileType = sourcecode.swift; path = BannerEditView.swift; sourceTree = "<group>"; };
		82318E4A2BD5B5360071DB7A /* BannerEditViewModel.swift */ = {isa = PBXFileReference; fileEncoding = 4; lastKnownFileType = sourcecode.swift; path = BannerEditViewModel.swift; sourceTree = "<group>"; };
		82318E4D2BD5B5360071DB7A /* CommentView.swift */ = {isa = PBXFileReference; fileEncoding = 4; lastKnownFileType = sourcecode.swift; path = CommentView.swift; sourceTree = "<group>"; };
		82318E4E2BD5B5360071DB7A /* CommentListViewModel.swift */ = {isa = PBXFileReference; fileEncoding = 4; lastKnownFileType = sourcecode.swift; path = CommentListViewModel.swift; sourceTree = "<group>"; };
		82318E522BD5B5360071DB7A /* ReportListView.swift */ = {isa = PBXFileReference; fileEncoding = 4; lastKnownFileType = sourcecode.swift; path = ReportListView.swift; sourceTree = "<group>"; };
		82318E542BD5B5360071DB7A /* TradeListDetailView.swift */ = {isa = PBXFileReference; fileEncoding = 4; lastKnownFileType = sourcecode.swift; path = TradeListDetailView.swift; sourceTree = "<group>"; };
		82318E552BD5B5360071DB7A /* TradeListView.swift */ = {isa = PBXFileReference; fileEncoding = 4; lastKnownFileType = sourcecode.swift; path = TradeListView.swift; sourceTree = "<group>"; };
		82318E562BD5B5360071DB7A /* TradeListViewModel.swift */ = {isa = PBXFileReference; fileEncoding = 4; lastKnownFileType = sourcecode.swift; path = TradeListViewModel.swift; sourceTree = "<group>"; };
		82318E582BD5B5360071DB7A /* ANBDAdminAppHomeView.swift */ = {isa = PBXFileReference; fileEncoding = 4; lastKnownFileType = sourcecode.swift; path = ANBDAdminAppHomeView.swift; sourceTree = "<group>"; };
		82318E5A2BD5B5360071DB7A /* ANBDAdminApp.swift */ = {isa = PBXFileReference; fileEncoding = 4; lastKnownFileType = sourcecode.swift; path = ANBDAdminApp.swift; sourceTree = "<group>"; };
		82318E5C2BD5B5360071DB7A /* Pretendard-Bold.otf */ = {isa = PBXFileReference; lastKnownFileType = file; path = "Pretendard-Bold.otf"; sourceTree = "<group>"; };
		82318E5D2BD5B5360071DB7A /* Pretendard-Medium.otf */ = {isa = PBXFileReference; lastKnownFileType = file; path = "Pretendard-Medium.otf"; sourceTree = "<group>"; };
		82318E5E2BD5B5360071DB7A /* Pretendard-Regular.otf */ = {isa = PBXFileReference; lastKnownFileType = file; path = "Pretendard-Regular.otf"; sourceTree = "<group>"; };
		82318E5F2BD5B5360071DB7A /* Pretendard-SemiBold.otf */ = {isa = PBXFileReference; lastKnownFileType = file; path = "Pretendard-SemiBold.otf"; sourceTree = "<group>"; };
		82318E612BD5B5360071DB7A /* Assets.xcassets */ = {isa = PBXFileReference; lastKnownFileType = folder.assetcatalog; path = Assets.xcassets; sourceTree = "<group>"; };
		82318E622BD5B5360071DB7A /* Colors.xcassets */ = {isa = PBXFileReference; lastKnownFileType = folder.assetcatalog; path = Colors.xcassets; sourceTree = "<group>"; };
		82318E652BD5B5360071DB7A /* ANBDFont.swift */ = {isa = PBXFileReference; fileEncoding = 4; lastKnownFileType = sourcecode.swift; path = ANBDFont.swift; sourceTree = "<group>"; };
		82318E662BD5B5360071DB7A /* DateFormatter.swift */ = {isa = PBXFileReference; fileEncoding = 4; lastKnownFileType = sourcecode.swift; path = DateFormatter.swift; sourceTree = "<group>"; };
		82318E672BD5B5360071DB7A /* UserDefaultsClient.swift */ = {isa = PBXFileReference; fileEncoding = 4; lastKnownFileType = sourcecode.swift; path = UserDefaultsClient.swift; sourceTree = "<group>"; };
		825EC3072BDA506900BED004 /* CopyableText.swift */ = {isa = PBXFileReference; lastKnownFileType = sourcecode.swift; path = CopyableText.swift; sourceTree = "<group>"; };
		825EC3092BDB983700BED004 /* EmptyInfoView.swift */ = {isa = PBXFileReference; lastKnownFileType = sourcecode.swift; path = EmptyInfoView.swift; sourceTree = "<group>"; };
		82A717672BD62CE100D0C21F /* ReportListDetailView.swift */ = {isa = PBXFileReference; lastKnownFileType = sourcecode.swift; path = ReportListDetailView.swift; sourceTree = "<group>"; };
		82A717692BD62CF300D0C21F /* ReportedListViewModel.swift */ = {isa = PBXFileReference; lastKnownFileType = sourcecode.swift; path = ReportedListViewModel.swift; sourceTree = "<group>"; };
		82C458D42BDF7D7400688620 /* GoogleService-Info.plist */ = {isa = PBXFileReference; fileEncoding = 4; lastKnownFileType = text.plist.xml; path = "GoogleService-Info.plist"; sourceTree = "<group>"; };
		82EC85FC2BD943AF00819CF3 /* Info.plist */ = {isa = PBXFileReference; lastKnownFileType = text.plist; path = Info.plist; sourceTree = "<group>"; };
		CB7BEDCF2BBD4EE300C0F298 /* ANBDAdmin.app */ = {isa = PBXFileReference; explicitFileType = wrapper.application; includeInIndex = 0; path = ANBDAdmin.app; sourceTree = BUILT_PRODUCTS_DIR; };
/* End PBXFileReference section */

/* Begin PBXFrameworksBuildPhase section */
		CB7BEDCC2BBD4EE300C0F298 /* Frameworks */ = {
			isa = PBXFrameworksBuildPhase;
			buildActionMask = 2147483647;
			files = (
				825EC30D2BDB9E3000BED004 /* Kingfisher in Frameworks */,
				CB7BEE412BBD588000C0F298 /* ANBDModel in Frameworks */,
			);
			runOnlyForDeploymentPostprocessing = 0;
		};
/* End PBXFrameworksBuildPhase section */

/* Begin PBXGroup section */
		82318E372BD5B5360071DB7A /* Button */ = {
			isa = PBXGroup;
			children = (
				82318E362BD5B5360071DB7A /* BlueSquareButton.swift */,
			);
			path = Button;
			sourceTree = "<group>";
		};
		82318E392BD5B5360071DB7A /* TextField */ = {
			isa = PBXGroup;
			children = (
				82318E382BD5B5360071DB7A /* TextFieldWithTitle.swift */,
			);
			path = TextField;
			sourceTree = "<group>";
		};
		82318E3B2BD5B5360071DB7A /* View */ = {
			isa = PBXGroup;
			children = (
				82318E3A2BD5B5360071DB7A /* CustomAlertView.swift */,
			);
			path = View;
			sourceTree = "<group>";
		};
		82318E3C2BD5B5360071DB7A /* CommonUI */ = {
			isa = PBXGroup;
			children = (
				82318E372BD5B5360071DB7A /* Button */,
				82318E392BD5B5360071DB7A /* TextField */,
				82318E3B2BD5B5360071DB7A /* View */,
			);
			path = CommonUI;
			sourceTree = "<group>";
		};
		82318E402BD5B5360071DB7A /* AllUserList */ = {
			isa = PBXGroup;
			children = (
				82318E3D2BD5B5360071DB7A /* UserListDetailView.swift */,
				82318E3E2BD5B5360071DB7A /* UserListView.swift */,
				82318E3F2BD5B5360071DB7A /* UserListViewModel.swift */,
			);
			path = AllUserList;
			sourceTree = "<group>";
		};
		82318E442BD5B5360071DB7A /* Article */ = {
			isa = PBXGroup;
			children = (
				82318E412BD5B5360071DB7A /* ArticleListDetailView.swift */,
				82318E422BD5B5360071DB7A /* ArticleListView.swift */,
				82318E432BD5B5360071DB7A /* ArticleListViewModel.swift */,
			);
			path = Article;
			sourceTree = "<group>";
		};
		82318E472BD5B5360071DB7A /* Auth */ = {
			isa = PBXGroup;
			children = (
				82318E452BD5B5360071DB7A /* AuthenticationView.swift */,
				82318E462BD5B5360071DB7A /* AuthenticationViewModel.swift */,
			);
			path = Auth;
			sourceTree = "<group>";
		};
		82318E4B2BD5B5360071DB7A /* BannerEdit */ = {
			isa = PBXGroup;
			children = (
				82318E482BD5B5360071DB7A /* BannerEditDetailView.swift */,
				82318E492BD5B5360071DB7A /* BannerEditView.swift */,
				82318E4A2BD5B5360071DB7A /* BannerEditViewModel.swift */,
			);
			path = BannerEdit;
			sourceTree = "<group>";
		};
		82318E4F2BD5B5360071DB7A /* Comment */ = {
			isa = PBXGroup;
			children = (
				82318E4D2BD5B5360071DB7A /* CommentView.swift */,
				82318E4E2BD5B5360071DB7A /* CommentListViewModel.swift */,
			);
			path = Comment;
			sourceTree = "<group>";
		};
		82318E532BD5B5360071DB7A /* Reported */ = {
			isa = PBXGroup;
			children = (
				82318E522BD5B5360071DB7A /* ReportListView.swift */,
				82A717672BD62CE100D0C21F /* ReportListDetailView.swift */,
				82A717692BD62CF300D0C21F /* ReportedListViewModel.swift */,
			);
			path = Reported;
			sourceTree = "<group>";
		};
		82318E572BD5B5360071DB7A /* Trade */ = {
			isa = PBXGroup;
			children = (
				82318E542BD5B5360071DB7A /* TradeListDetailView.swift */,
				82318E552BD5B5360071DB7A /* TradeListView.swift */,
				82318E562BD5B5360071DB7A /* TradeListViewModel.swift */,
			);
			path = Trade;
			sourceTree = "<group>";
		};
		82318E592BD5B5360071DB7A /* Presentaion */ = {
			isa = PBXGroup;
			children = (
				82318E582BD5B5360071DB7A /* ANBDAdminAppHomeView.swift */,
				82318E402BD5B5360071DB7A /* AllUserList */,
				82318E442BD5B5360071DB7A /* Article */,
				82318E472BD5B5360071DB7A /* Auth */,
				82318E4B2BD5B5360071DB7A /* BannerEdit */,
				82318E4F2BD5B5360071DB7A /* Comment */,
				82318E532BD5B5360071DB7A /* Reported */,
				82318E572BD5B5360071DB7A /* Trade */,
			);
			path = Presentaion;
			sourceTree = "<group>";
		};
		82318E5B2BD5B5360071DB7A /* App */ = {
			isa = PBXGroup;
			children = (
				82318E5A2BD5B5360071DB7A /* ANBDAdminApp.swift */,
			);
			path = App;
			sourceTree = "<group>";
		};
		82318E602BD5B5360071DB7A /* Font */ = {
			isa = PBXGroup;
			children = (
				82318E5C2BD5B5360071DB7A /* Pretendard-Bold.otf */,
				82318E5D2BD5B5360071DB7A /* Pretendard-Medium.otf */,
				82318E5E2BD5B5360071DB7A /* Pretendard-Regular.otf */,
				82318E5F2BD5B5360071DB7A /* Pretendard-SemiBold.otf */,
			);
			path = Font;
			sourceTree = "<group>";
		};
		82318E642BD5B5360071DB7A /* Resource */ = {
			isa = PBXGroup;
			children = (
				82318E602BD5B5360071DB7A /* Font */,
				82318E612BD5B5360071DB7A /* Assets.xcassets */,
				82318E622BD5B5360071DB7A /* Colors.xcassets */,
				82C458D42BDF7D7400688620 /* GoogleService-Info.plist */,
			);
			path = Resource;
			sourceTree = "<group>";
		};
		82318E682BD5B5360071DB7A /* Util */ = {
			isa = PBXGroup;
			children = (
				82318E652BD5B5360071DB7A /* ANBDFont.swift */,
				82318E662BD5B5360071DB7A /* DateFormatter.swift */,
				825EC3072BDA506900BED004 /* CopyableText.swift */,
				82318E672BD5B5360071DB7A /* UserDefaultsClient.swift */,
				825EC3092BDB983700BED004 /* EmptyInfoView.swift */,
			);
			path = Util;
			sourceTree = "<group>";
		};
		82318E692BD5B5360071DB7A /* Common */ = {
			isa = PBXGroup;
			children = (
				82318E682BD5B5360071DB7A /* Util */,
			);
			path = Common;
			sourceTree = "<group>";
		};
		CB7BEDC62BBD4EE300C0F298 = {
			isa = PBXGroup;
			children = (
				CB7BEDD12BBD4EE300C0F298 /* ANBDAdmin */,
				CB7BEDD02BBD4EE300C0F298 /* Products */,
				CB7BEE3F2BBD588000C0F298 /* Frameworks */,
			);
			sourceTree = "<group>";
		};
		CB7BEDD02BBD4EE300C0F298 /* Products */ = {
			isa = PBXGroup;
			children = (
				CB7BEDCF2BBD4EE300C0F298 /* ANBDAdmin.app */,
			);
			name = Products;
			sourceTree = "<group>";
		};
		CB7BEDD12BBD4EE300C0F298 /* ANBDAdmin */ = {
			isa = PBXGroup;
			children = (
				82EC85FC2BD943AF00819CF3 /* Info.plist */,
				82318E5B2BD5B5360071DB7A /* App */,
				82318E692BD5B5360071DB7A /* Common */,
				82318E3C2BD5B5360071DB7A /* CommonUI */,
				82318E592BD5B5360071DB7A /* Presentaion */,
				82318E642BD5B5360071DB7A /* Resource */,
			);
			path = ANBDAdmin;
			sourceTree = "<group>";
		};
		CB7BEE3F2BBD588000C0F298 /* Frameworks */ = {
			isa = PBXGroup;
			children = (
			);
			name = Frameworks;
			sourceTree = "<group>";
		};
/* End PBXGroup section */

/* Begin PBXNativeTarget section */
		CB7BEDCE2BBD4EE300C0F298 /* ANBDAdmin */ = {
			isa = PBXNativeTarget;
			buildConfigurationList = CB7BEDDD2BBD4EE500C0F298 /* Build configuration list for PBXNativeTarget "ANBDAdmin" */;
			buildPhases = (
				CB7BEDCB2BBD4EE300C0F298 /* Sources */,
				CB7BEDCC2BBD4EE300C0F298 /* Frameworks */,
				CB7BEDCD2BBD4EE300C0F298 /* Resources */,
			);
			buildRules = (
			);
			dependencies = (
			);
			name = ANBDAdmin;
			packageProductDependencies = (
				CB7BEE402BBD588000C0F298 /* ANBDModel */,
				825EC30C2BDB9E3000BED004 /* Kingfisher */,
			);
			productName = ANBDAdmin;
			productReference = CB7BEDCF2BBD4EE300C0F298 /* ANBDAdmin.app */;
			productType = "com.apple.product-type.application";
		};
/* End PBXNativeTarget section */

/* Begin PBXProject section */
		CB7BEDC72BBD4EE300C0F298 /* Project object */ = {
			isa = PBXProject;
			attributes = {
				BuildIndependentTargetsInParallel = 1;
				LastSwiftUpdateCheck = 1530;
				LastUpgradeCheck = 1530;
				TargetAttributes = {
					CB7BEDCE2BBD4EE300C0F298 = {
						CreatedOnToolsVersion = 15.3;
					};
				};
			};
			buildConfigurationList = CB7BEDCA2BBD4EE300C0F298 /* Build configuration list for PBXProject "ANBDAdmin" */;
			compatibilityVersion = "Xcode 14.0";
			developmentRegion = en;
			hasScannedForEncodings = 0;
			knownRegions = (
				en,
				Base,
			);
			mainGroup = CB7BEDC62BBD4EE300C0F298;
			packageReferences = (
				825EC30B2BDB9E3000BED004 /* XCRemoteSwiftPackageReference "Kingfisher" */,
			);
			productRefGroup = CB7BEDD02BBD4EE300C0F298 /* Products */;
			projectDirPath = "";
			projectRoot = "";
			targets = (
				CB7BEDCE2BBD4EE300C0F298 /* ANBDAdmin */,
			);
		};
/* End PBXProject section */

/* Begin PBXResourcesBuildPhase section */
		CB7BEDCD2BBD4EE300C0F298 /* Resources */ = {
			isa = PBXResourcesBuildPhase;
			buildActionMask = 2147483647;
			files = (
				82318E822BD5B5360071DB7A /* Pretendard-Bold.otf in Resources */,
				82318E842BD5B5360071DB7A /* Pretendard-Regular.otf in Resources */,
				82318E832BD5B5360071DB7A /* Pretendard-Medium.otf in Resources */,
				82318E872BD5B5360071DB7A /* Colors.xcassets in Resources */,
				82318E852BD5B5360071DB7A /* Pretendard-SemiBold.otf in Resources */,
				82318E862BD5B5360071DB7A /* Assets.xcassets in Resources */,
				82C458D52BDF7D7400688620 /* GoogleService-Info.plist in Resources */,
			);
			runOnlyForDeploymentPostprocessing = 0;
		};
/* End PBXResourcesBuildPhase section */

/* Begin PBXSourcesBuildPhase section */
		CB7BEDCB2BBD4EE300C0F298 /* Sources */ = {
			isa = PBXSourcesBuildPhase;
			buildActionMask = 2147483647;
			files = (
				82318E7A2BD5B5360071DB7A /* CommentListViewModel.swift in Sources */,
				82318E6D2BD5B5360071DB7A /* UserListDetailView.swift in Sources */,
				82318E702BD5B5360071DB7A /* ArticleListDetailView.swift in Sources */,
				82318E8A2BD5B5360071DB7A /* DateFormatter.swift in Sources */,
				82A7176A2BD62CF300D0C21F /* ReportedListViewModel.swift in Sources */,
				82318E6F2BD5B5360071DB7A /* UserListViewModel.swift in Sources */,
				82318E712BD5B5360071DB7A /* ArticleListView.swift in Sources */,
				825EC3082BDA506900BED004 /* CopyableText.swift in Sources */,
				82318E8B2BD5B5360071DB7A /* UserDefaultsClient.swift in Sources */,
				82318E742BD5B5360071DB7A /* AuthenticationViewModel.swift in Sources */,
				82318E732BD5B5360071DB7A /* AuthenticationView.swift in Sources */,
				82318E802BD5B5360071DB7A /* ANBDAdminAppHomeView.swift in Sources */,
				82318E722BD5B5360071DB7A /* ArticleListViewModel.swift in Sources */,
				82318E752BD5B5360071DB7A /* BannerEditDetailView.swift in Sources */,
				82318E7D2BD5B5360071DB7A /* TradeListDetailView.swift in Sources */,
				82318E812BD5B5360071DB7A /* ANBDAdminApp.swift in Sources */,
				82318E7F2BD5B5360071DB7A /* TradeListViewModel.swift in Sources */,
				82318E892BD5B5360071DB7A /* ANBDFont.swift in Sources */,
				82A717682BD62CE100D0C21F /* ReportListDetailView.swift in Sources */,
				825EC30A2BDB983700BED004 /* EmptyInfoView.swift in Sources */,
				82318E7E2BD5B5360071DB7A /* TradeListView.swift in Sources */,
				82318E772BD5B5360071DB7A /* BannerEditViewModel.swift in Sources */,
				82318E792BD5B5360071DB7A /* CommentView.swift in Sources */,
				82318E762BD5B5360071DB7A /* BannerEditView.swift in Sources */,
				82318E7C2BD5B5360071DB7A /* ReportListView.swift in Sources */,
				82318E6E2BD5B5360071DB7A /* UserListView.swift in Sources */,
				82318E6C2BD5B5360071DB7A /* CustomAlertView.swift in Sources */,
				82318E6B2BD5B5360071DB7A /* TextFieldWithTitle.swift in Sources */,
				82318E6A2BD5B5360071DB7A /* BlueSquareButton.swift in Sources */,
			);
			runOnlyForDeploymentPostprocessing = 0;
		};
/* End PBXSourcesBuildPhase section */

/* Begin XCBuildConfiguration section */
		CB7BEDDB2BBD4EE500C0F298 /* Debug */ = {
			isa = XCBuildConfiguration;
			buildSettings = {
				ALWAYS_SEARCH_USER_PATHS = NO;
				ASSETCATALOG_COMPILER_GENERATE_SWIFT_ASSET_SYMBOL_EXTENSIONS = YES;
				CLANG_ANALYZER_NONNULL = YES;
				CLANG_ANALYZER_NUMBER_OBJECT_CONVERSION = YES_AGGRESSIVE;
				CLANG_CXX_LANGUAGE_STANDARD = "gnu++20";
				CLANG_ENABLE_MODULES = YES;
				CLANG_ENABLE_OBJC_ARC = YES;
				CLANG_ENABLE_OBJC_WEAK = YES;
				CLANG_WARN_BLOCK_CAPTURE_AUTORELEASING = YES;
				CLANG_WARN_BOOL_CONVERSION = YES;
				CLANG_WARN_COMMA = YES;
				CLANG_WARN_CONSTANT_CONVERSION = YES;
				CLANG_WARN_DEPRECATED_OBJC_IMPLEMENTATIONS = YES;
				CLANG_WARN_DIRECT_OBJC_ISA_USAGE = YES_ERROR;
				CLANG_WARN_DOCUMENTATION_COMMENTS = YES;
				CLANG_WARN_EMPTY_BODY = YES;
				CLANG_WARN_ENUM_CONVERSION = YES;
				CLANG_WARN_INFINITE_RECURSION = YES;
				CLANG_WARN_INT_CONVERSION = YES;
				CLANG_WARN_NON_LITERAL_NULL_CONVERSION = YES;
				CLANG_WARN_OBJC_IMPLICIT_RETAIN_SELF = YES;
				CLANG_WARN_OBJC_LITERAL_CONVERSION = YES;
				CLANG_WARN_OBJC_ROOT_CLASS = YES_ERROR;
				CLANG_WARN_QUOTED_INCLUDE_IN_FRAMEWORK_HEADER = YES;
				CLANG_WARN_RANGE_LOOP_ANALYSIS = YES;
				CLANG_WARN_STRICT_PROTOTYPES = YES;
				CLANG_WARN_SUSPICIOUS_MOVE = YES;
				CLANG_WARN_UNGUARDED_AVAILABILITY = YES_AGGRESSIVE;
				CLANG_WARN_UNREACHABLE_CODE = YES;
				CLANG_WARN__DUPLICATE_METHOD_MATCH = YES;
				COPY_PHASE_STRIP = NO;
				DEBUG_INFORMATION_FORMAT = dwarf;
				ENABLE_STRICT_OBJC_MSGSEND = YES;
				ENABLE_TESTABILITY = YES;
				ENABLE_USER_SCRIPT_SANDBOXING = YES;
				GCC_C_LANGUAGE_STANDARD = gnu17;
				GCC_DYNAMIC_NO_PIC = NO;
				GCC_NO_COMMON_BLOCKS = YES;
				GCC_OPTIMIZATION_LEVEL = 0;
				GCC_PREPROCESSOR_DEFINITIONS = (
					"DEBUG=1",
					"$(inherited)",
				);
				GCC_WARN_64_TO_32_BIT_CONVERSION = YES;
				GCC_WARN_ABOUT_RETURN_TYPE = YES_ERROR;
				GCC_WARN_UNDECLARED_SELECTOR = YES;
				GCC_WARN_UNINITIALIZED_AUTOS = YES_AGGRESSIVE;
				GCC_WARN_UNUSED_FUNCTION = YES;
				GCC_WARN_UNUSED_VARIABLE = YES;
				IPHONEOS_DEPLOYMENT_TARGET = 16.0;
				LOCALIZATION_PREFERS_STRING_CATALOGS = YES;
				MTL_ENABLE_DEBUG_INFO = INCLUDE_SOURCE;
				MTL_FAST_MATH = YES;
				ONLY_ACTIVE_ARCH = YES;
				SDKROOT = iphoneos;
				SWIFT_ACTIVE_COMPILATION_CONDITIONS = "DEBUG $(inherited)";
				SWIFT_OPTIMIZATION_LEVEL = "-Onone";
			};
			name = Debug;
		};
		CB7BEDDC2BBD4EE500C0F298 /* Release */ = {
			isa = XCBuildConfiguration;
			buildSettings = {
				ALWAYS_SEARCH_USER_PATHS = NO;
				ASSETCATALOG_COMPILER_GENERATE_SWIFT_ASSET_SYMBOL_EXTENSIONS = YES;
				CLANG_ANALYZER_NONNULL = YES;
				CLANG_ANALYZER_NUMBER_OBJECT_CONVERSION = YES_AGGRESSIVE;
				CLANG_CXX_LANGUAGE_STANDARD = "gnu++20";
				CLANG_ENABLE_MODULES = YES;
				CLANG_ENABLE_OBJC_ARC = YES;
				CLANG_ENABLE_OBJC_WEAK = YES;
				CLANG_WARN_BLOCK_CAPTURE_AUTORELEASING = YES;
				CLANG_WARN_BOOL_CONVERSION = YES;
				CLANG_WARN_COMMA = YES;
				CLANG_WARN_CONSTANT_CONVERSION = YES;
				CLANG_WARN_DEPRECATED_OBJC_IMPLEMENTATIONS = YES;
				CLANG_WARN_DIRECT_OBJC_ISA_USAGE = YES_ERROR;
				CLANG_WARN_DOCUMENTATION_COMMENTS = YES;
				CLANG_WARN_EMPTY_BODY = YES;
				CLANG_WARN_ENUM_CONVERSION = YES;
				CLANG_WARN_INFINITE_RECURSION = YES;
				CLANG_WARN_INT_CONVERSION = YES;
				CLANG_WARN_NON_LITERAL_NULL_CONVERSION = YES;
				CLANG_WARN_OBJC_IMPLICIT_RETAIN_SELF = YES;
				CLANG_WARN_OBJC_LITERAL_CONVERSION = YES;
				CLANG_WARN_OBJC_ROOT_CLASS = YES_ERROR;
				CLANG_WARN_QUOTED_INCLUDE_IN_FRAMEWORK_HEADER = YES;
				CLANG_WARN_RANGE_LOOP_ANALYSIS = YES;
				CLANG_WARN_STRICT_PROTOTYPES = YES;
				CLANG_WARN_SUSPICIOUS_MOVE = YES;
				CLANG_WARN_UNGUARDED_AVAILABILITY = YES_AGGRESSIVE;
				CLANG_WARN_UNREACHABLE_CODE = YES;
				CLANG_WARN__DUPLICATE_METHOD_MATCH = YES;
				COPY_PHASE_STRIP = NO;
				DEBUG_INFORMATION_FORMAT = "dwarf-with-dsym";
				ENABLE_NS_ASSERTIONS = NO;
				ENABLE_STRICT_OBJC_MSGSEND = YES;
				ENABLE_USER_SCRIPT_SANDBOXING = YES;
				GCC_C_LANGUAGE_STANDARD = gnu17;
				GCC_NO_COMMON_BLOCKS = YES;
				GCC_WARN_64_TO_32_BIT_CONVERSION = YES;
				GCC_WARN_ABOUT_RETURN_TYPE = YES_ERROR;
				GCC_WARN_UNDECLARED_SELECTOR = YES;
				GCC_WARN_UNINITIALIZED_AUTOS = YES_AGGRESSIVE;
				GCC_WARN_UNUSED_FUNCTION = YES;
				GCC_WARN_UNUSED_VARIABLE = YES;
				IPHONEOS_DEPLOYMENT_TARGET = 16.0;
				LOCALIZATION_PREFERS_STRING_CATALOGS = YES;
				MTL_ENABLE_DEBUG_INFO = NO;
				MTL_FAST_MATH = YES;
				SDKROOT = iphoneos;
				SWIFT_COMPILATION_MODE = wholemodule;
				VALIDATE_PRODUCT = YES;
			};
			name = Release;
		};
		CB7BEDDE2BBD4EE500C0F298 /* Debug */ = {
			isa = XCBuildConfiguration;
			buildSettings = {
				ASSETCATALOG_COMPILER_APPICON_NAME = AppIcon;
				ASSETCATALOG_COMPILER_GLOBAL_ACCENT_COLOR_NAME = AccentColor;
				CODE_SIGN_STYLE = Automatic;
				CURRENT_PROJECT_VERSION = 1;
				DEVELOPMENT_ASSET_PATHS = "";
				DEVELOPMENT_TEAM = 6R3M7VGRP2;
				ENABLE_PREVIEWS = YES;
				GENERATE_INFOPLIST_FILE = YES;
				INFOPLIST_FILE = ANBDAdmin/Info.plist;
				INFOPLIST_KEY_UIApplicationSceneManifest_Generation = YES;
				INFOPLIST_KEY_UIApplicationSupportsIndirectInputEvents = YES;
				INFOPLIST_KEY_UILaunchScreen_Generation = YES;
				INFOPLIST_KEY_UISupportedInterfaceOrientations = "UIInterfaceOrientationLandscapeLeft UIInterfaceOrientationLandscapeRight UIInterfaceOrientationPortrait";
				INFOPLIST_KEY_UISupportedInterfaceOrientations_iPad = "UIInterfaceOrientationLandscapeLeft UIInterfaceOrientationLandscapeRight";
				IPHONEOS_DEPLOYMENT_TARGET = 16.0;
				LD_RUNPATH_SEARCH_PATHS = (
					"$(inherited)",
					"@executable_path/Frameworks",
				);
				MARKETING_VERSION = 1.0;
				PRODUCT_BUNDLE_IDENTIFIER = com.teamGG.ANBDAdmin;
				PRODUCT_NAME = "$(TARGET_NAME)";
				SUPPORTED_PLATFORMS = "iphoneos iphonesimulator";
				SUPPORTS_MACCATALYST = NO;
				SUPPORTS_MAC_DESIGNED_FOR_IPHONE_IPAD = NO;
				SUPPORTS_XR_DESIGNED_FOR_IPHONE_IPAD = NO;
				SWIFT_EMIT_LOC_STRINGS = YES;
				SWIFT_VERSION = 5.0;
				TARGETED_DEVICE_FAMILY = 2;
			};
			name = Debug;
		};
		CB7BEDDF2BBD4EE500C0F298 /* Release */ = {
			isa = XCBuildConfiguration;
			buildSettings = {
				ASSETCATALOG_COMPILER_APPICON_NAME = AppIcon;
				ASSETCATALOG_COMPILER_GLOBAL_ACCENT_COLOR_NAME = AccentColor;
				CODE_SIGN_STYLE = Automatic;
				CURRENT_PROJECT_VERSION = 1;
				DEVELOPMENT_ASSET_PATHS = "";
				DEVELOPMENT_TEAM = 6R3M7VGRP2;
				ENABLE_PREVIEWS = YES;
				GENERATE_INFOPLIST_FILE = YES;
				INFOPLIST_FILE = ANBDAdmin/Info.plist;
				INFOPLIST_KEY_UIApplicationSceneManifest_Generation = YES;
				INFOPLIST_KEY_UIApplicationSupportsIndirectInputEvents = YES;
				INFOPLIST_KEY_UILaunchScreen_Generation = YES;
				INFOPLIST_KEY_UISupportedInterfaceOrientations = "UIInterfaceOrientationLandscapeLeft UIInterfaceOrientationLandscapeRight UIInterfaceOrientationPortrait";
				INFOPLIST_KEY_UISupportedInterfaceOrientations_iPad = "UIInterfaceOrientationLandscapeLeft UIInterfaceOrientationLandscapeRight";
				IPHONEOS_DEPLOYMENT_TARGET = 16.0;
				LD_RUNPATH_SEARCH_PATHS = (
					"$(inherited)",
					"@executable_path/Frameworks",
				);
				MARKETING_VERSION = 1.0;
				PRODUCT_BUNDLE_IDENTIFIER = com.teamGG.ANBDAdmin;
				PRODUCT_NAME = "$(TARGET_NAME)";
				SUPPORTED_PLATFORMS = "iphoneos iphonesimulator";
				SUPPORTS_MACCATALYST = NO;
				SUPPORTS_MAC_DESIGNED_FOR_IPHONE_IPAD = NO;
				SUPPORTS_XR_DESIGNED_FOR_IPHONE_IPAD = NO;
				SWIFT_EMIT_LOC_STRINGS = YES;
				SWIFT_VERSION = 5.0;
				TARGETED_DEVICE_FAMILY = 2;
			};
			name = Release;
		};
/* End XCBuildConfiguration section */

/* Begin XCConfigurationList section */
		CB7BEDCA2BBD4EE300C0F298 /* Build configuration list for PBXProject "ANBDAdmin" */ = {
			isa = XCConfigurationList;
			buildConfigurations = (
				CB7BEDDB2BBD4EE500C0F298 /* Debug */,
				CB7BEDDC2BBD4EE500C0F298 /* Release */,
			);
			defaultConfigurationIsVisible = 0;
			defaultConfigurationName = Release;
		};
		CB7BEDDD2BBD4EE500C0F298 /* Build configuration list for PBXNativeTarget "ANBDAdmin" */ = {
			isa = XCConfigurationList;
			buildConfigurations = (
				CB7BEDDE2BBD4EE500C0F298 /* Debug */,
				CB7BEDDF2BBD4EE500C0F298 /* Release */,
			);
			defaultConfigurationIsVisible = 0;
			defaultConfigurationName = Release;
		};
/* End XCConfigurationList section */

/* Begin XCRemoteSwiftPackageReference section */
		825EC30B2BDB9E3000BED004 /* XCRemoteSwiftPackageReference "Kingfisher" */ = {
			isa = XCRemoteSwiftPackageReference;
			repositoryURL = "https://github.com/onevcat/Kingfisher.git";
			requirement = {
				kind = upToNextMajorVersion;
				minimumVersion = 7.11.0;
			};
		};
/* End XCRemoteSwiftPackageReference section */

/* Begin XCSwiftPackageProductDependency section */
		825EC30C2BDB9E3000BED004 /* Kingfisher */ = {
			isa = XCSwiftPackageProductDependency;
			package = 825EC30B2BDB9E3000BED004 /* XCRemoteSwiftPackageReference "Kingfisher" */;
			productName = Kingfisher;
		};
		CB7BEE402BBD588000C0F298 /* ANBDModel */ = {
			isa = XCSwiftPackageProductDependency;
			productName = ANBDModel;
		};
/* End XCSwiftPackageProductDependency section */
	};
	rootObject = CB7BEDC72BBD4EE300C0F298 /* Project object */;
}
