// !$*UTF8*$!
{
	archiveVersion = 1;
	classes = {
	};
	objectVersion = 56;
	objects = {

/* Begin PBXBuildFile section */
		4204F32F2BC7C60700C56DB8 /* UserActivityListView.swift in Sources */ = {isa = PBXBuildFile; fileRef = 4204F32E2BC7C60700C56DB8 /* UserActivityListView.swift */; };
		4232CADE2BE287F4001BF14F /* ToastManager.swift in Sources */ = {isa = PBXBuildFile; fileRef = 4232CADD2BE287F4001BF14F /* ToastManager.swift */; };
		424CA0052BC397A600F83F8D /* TextFieldWithTitle.swift in Sources */ = {isa = PBXBuildFile; fileRef = 424CA0042BC397A600F83F8D /* TextFieldWithTitle.swift */; };
		424CA0072BC39C7C00F83F8D /* BlueSquareButton.swift in Sources */ = {isa = PBXBuildFile; fileRef = 424CA0062BC39C7C00F83F8D /* BlueSquareButton.swift */; };
		424CA00B2BC3AB7800F83F8D /* SignUpPasswordView.swift in Sources */ = {isa = PBXBuildFile; fileRef = 424CA00A2BC3AB7800F83F8D /* SignUpPasswordView.swift */; };
		424CA00D2BC3B4CE00F83F8D /* SignUpUserInfoView.swift in Sources */ = {isa = PBXBuildFile; fileRef = 424CA00C2BC3B4CE00F83F8D /* SignUpUserInfoView.swift */; };
		424CA00F2BC3B83700F83F8D /* SignUpPolicyAgreeView.swift in Sources */ = {isa = PBXBuildFile; fileRef = 424CA00E2BC3B83700F83F8D /* SignUpPolicyAgreeView.swift */; };
		424CA0112BC3B8AA00F83F8D /* PolicyDetailView.swift in Sources */ = {isa = PBXBuildFile; fileRef = 424CA0102BC3B8AA00F83F8D /* PolicyDetailView.swift */; };
		424CA0132BC3C0E200F83F8D /* TermsView.swift in Sources */ = {isa = PBXBuildFile; fileRef = 424CA0122BC3C0E200F83F8D /* TermsView.swift */; };
		426EE0312BD37CCD00006C2C /* UserStore.swift in Sources */ = {isa = PBXBuildFile; fileRef = 426EE0302BD37CCD00006C2C /* UserStore.swift */; };
		427C923B2BCE4CFA0083B4A9 /* UserDefaultsClient.swift in Sources */ = {isa = PBXBuildFile; fileRef = 427C923A2BCE4CFA0083B4A9 /* UserDefaultsClient.swift */; };
		427E28D22BDE2EB7001172C1 /* SettingsView.swift in Sources */ = {isa = PBXBuildFile; fileRef = 427E28D12BDE2EB7001172C1 /* SettingsView.swift */; };
		428E613F2BC8BDE400808340 /* UserLikedContentsView.swift in Sources */ = {isa = PBXBuildFile; fileRef = 428E613E2BC8BDE400808340 /* UserLikedContentsView.swift */; };
		42B045CE2BFA4E26000B8B20 /* BlockingUserListView.swift in Sources */ = {isa = PBXBuildFile; fileRef = 42B045CD2BFA4E26000B8B20 /* BlockingUserListView.swift */; };
		42C151712BD1014400917F30 /* ListEmptyView.swift in Sources */ = {isa = PBXBuildFile; fileRef = 42C151702BD1014400917F30 /* ListEmptyView.swift */; };
		42EE634E2BC2BCA100100FF4 /* LocationPickerMenu.swift in Sources */ = {isa = PBXBuildFile; fileRef = 42EE634D2BC2BCA100100FF4 /* LocationPickerMenu.swift */; };
		46652CF32BDF603F000F7376 /* Bundle+Extension.swift in Sources */ = {isa = PBXBuildFile; fileRef = 46652CF22BDF603F000F7376 /* Bundle+Extension.swift */; };
		469FA5D12BDA3DE800D2222B /* SkeletonUI in Frameworks */ = {isa = PBXBuildFile; productRef = 469FA5D02BDA3DE800D2222B /* SkeletonUI */; };
		469FA5D42BDB405800D2222B /* Kingfisher in Frameworks */ = {isa = PBXBuildFile; productRef = 469FA5D32BDB405800D2222B /* Kingfisher */; };
		A816E5FA2BC1056F00138CFC /* ChatListCell.swift in Sources */ = {isa = PBXBuildFile; fileRef = A816E5F92BC1056F00138CFC /* ChatListCell.swift */; };
		A816E5FC2BC11B7800138CFC /* ChatDetailView.swift in Sources */ = {isa = PBXBuildFile; fileRef = A816E5FB2BC11B7800138CFC /* ChatDetailView.swift */; };
		A816E5FE2BC1254B00138CFC /* TradeStateChangeView.swift in Sources */ = {isa = PBXBuildFile; fileRef = A816E5FD2BC1254B00138CFC /* TradeStateChangeView.swift */; };
		A816E6002BC162DC00138CFC /* ImageDetailView.swift in Sources */ = {isa = PBXBuildFile; fileRef = A816E5FF2BC162DC00138CFC /* ImageDetailView.swift */; };
		A816E6022BC1706600138CFC /* CustomAlertView.swift in Sources */ = {isa = PBXBuildFile; fileRef = A816E6012BC1706600138CFC /* CustomAlertView.swift */; };
		A82860202BD22F6300BCA57A /* MessageCell.swift in Sources */ = {isa = PBXBuildFile; fileRef = A828601F2BD22F6300BCA57A /* MessageCell.swift */; };
		A82860222BD2356200BCA57A /* ChatHeaderView.swift in Sources */ = {isa = PBXBuildFile; fileRef = A82860212BD2356200BCA57A /* ChatHeaderView.swift */; };
		A828602B2BD3C34300BCA57A /* ReportViewModel.swift in Sources */ = {isa = PBXBuildFile; fileRef = A828602A2BD3C34300BCA57A /* ReportViewModel.swift */; };
		A83983EE2BC7D4BD00868E4C /* SearchViewModel.swift in Sources */ = {isa = PBXBuildFile; fileRef = A83983ED2BC7D4BD00868E4C /* SearchViewModel.swift */; };
		A83F2F9B2BBFCD7D00E3EB13 /* SafariWebView.swift in Sources */ = {isa = PBXBuildFile; fileRef = A83F2F9A2BBFCD7D00E3EB13 /* SafariWebView.swift */; };
		A850CF762BF1CE1A00654292 /* GoogleService-Info.plist in Resources */ = {isa = PBXBuildFile; fileRef = A850CF752BF1CE1A00654292 /* GoogleService-Info.plist */; };
		A8640B3A2BC391F800232F9C /* ReportView.swift in Sources */ = {isa = PBXBuildFile; fileRef = A8640B392BC391F800232F9C /* ReportView.swift */; };
		A8640B3E2BC3DCBE00232F9C /* CapsuleButtonView.swift in Sources */ = {isa = PBXBuildFile; fileRef = A8640B3D2BC3DCBE00232F9C /* CapsuleButtonView.swift */; };
		A87E89F32BC4370500F5331B /* SearchView.swift in Sources */ = {isa = PBXBuildFile; fileRef = A87E89F22BC4370500F5331B /* SearchView.swift */; };
		A87E89F52BC43B5500F5331B /* SearchResultView.swift in Sources */ = {isa = PBXBuildFile; fileRef = A87E89F42BC43B5500F5331B /* SearchResultView.swift */; };
		A8A2698C2BD5EF440099C3A3 /* MyPageViewModel.swift in Sources */ = {isa = PBXBuildFile; fileRef = CB7BEE2A2BBD578A00C0F298 /* MyPageViewModel.swift */; };
		A8A2698D2BD5EF540099C3A3 /* SignUpEmailView.swift in Sources */ = {isa = PBXBuildFile; fileRef = 424CA0082BC3A79900F83F8D /* SignUpEmailView.swift */; };
		A8A2698E2BD5EF7B0099C3A3 /* ArticleViewModel.swift in Sources */ = {isa = PBXBuildFile; fileRef = CB7BEE362BBD57CE00C0F298 /* ArticleViewModel.swift */; };
		A8A2698F2BD5EF880099C3A3 /* SignUpCompleteView.swift in Sources */ = {isa = PBXBuildFile; fileRef = 424CA0142BC3C45E00F83F8D /* SignUpCompleteView.swift */; };
		A8A269902BD5EF970099C3A3 /* ArticleDetailView.swift in Sources */ = {isa = PBXBuildFile; fileRef = D75C3A4E2BBFB40200ED948C /* ArticleDetailView.swift */; };
		A8A269912BD5EFA50099C3A3 /* UserInfoEditingView.swift in Sources */ = {isa = PBXBuildFile; fileRef = 42C7BBD92BC2793B00F0805A /* UserInfoEditingView.swift */; };
		A8A269922BD5EFB20099C3A3 /* View+Extension.swift in Sources */ = {isa = PBXBuildFile; fileRef = CB7BEE222BBD56B900C0F298 /* View+Extension.swift */; };
		A8A269932BD5EFBF0099C3A3 /* UserPageView.swift in Sources */ = {isa = PBXBuildFile; fileRef = CB7BEE142BBD564800C0F298 /* UserPageView.swift */; };
		A8A269C12BD630BD0099C3A3 /* Coordinator.swift in Sources */ = {isa = PBXBuildFile; fileRef = A8A269C02BD630BD0099C3A3 /* Coordinator.swift */; };
		A8BD75A02BDA3F730089799D /* ToastView.swift in Sources */ = {isa = PBXBuildFile; fileRef = A8BD759F2BDA3F730089799D /* ToastView.swift */; };
		CB198CF02BBF8E84000C2709 /* Category.swift in Sources */ = {isa = PBXBuildFile; fileRef = CB198CEF2BBF8E84000C2709 /* Category.swift */; };
		CB198CF22BBF8FC8000C2709 /* CategoryDividerView.swift in Sources */ = {isa = PBXBuildFile; fileRef = CB198CF12BBF8FC8000C2709 /* CategoryDividerView.swift */; };
		CB198CF62BBFD0A3000C2709 /* WriteButtonView.swift in Sources */ = {isa = PBXBuildFile; fileRef = CB198CF52BBFD0A3000C2709 /* WriteButtonView.swift */; };
		CB198D0A2BC38B83000C2709 /* CategoryBottomSheet.swift in Sources */ = {isa = PBXBuildFile; fileRef = CB198D092BC38B83000C2709 /* CategoryBottomSheet.swift */; };
		CB198D102BC38BA0000C2709 /* LocationBottomSheet.swift in Sources */ = {isa = PBXBuildFile; fileRef = CB198D0B2BC38BA0000C2709 /* LocationBottomSheet.swift */; };
		CB198D142BC38BA0000C2709 /* CheckboxView.swift in Sources */ = {isa = PBXBuildFile; fileRef = CB198D0F2BC38BA0000C2709 /* CheckboxView.swift */; };
		CB198D172BC38BFC000C2709 /* TradeDetailView.swift in Sources */ = {isa = PBXBuildFile; fileRef = CB198D152BC38BFC000C2709 /* TradeDetailView.swift */; };
		CB198D1A2BC38CB9000C2709 /* Date+Extension.swift in Sources */ = {isa = PBXBuildFile; fileRef = CB198D192BC38CB9000C2709 /* Date+Extension.swift */; };
		CB198D1C2BC3A4FA000C2709 /* TradeCreateView.swift in Sources */ = {isa = PBXBuildFile; fileRef = CB198D1B2BC3A4FA000C2709 /* TradeCreateView.swift */; };
		CB198D1E2BC3A7BC000C2709 /* TextFieldModifier.swift in Sources */ = {isa = PBXBuildFile; fileRef = CB198D1D2BC3A7BC000C2709 /* TextFieldModifier.swift */; };
		CB198D282BC3D069000C2709 /* ItemCategoryPickerMenu.swift in Sources */ = {isa = PBXBuildFile; fileRef = CB198D272BC3D069000C2709 /* ItemCategoryPickerMenu.swift */; };
		CB6AA2122BDFDD4D005CA6E4 /* LoadingView.swift in Sources */ = {isa = PBXBuildFile; fileRef = CB6AA2112BDFDD4D005CA6E4 /* LoadingView.swift */; };
		CB7BEDB92BBD4E9D00C0F298 /* ANBDConsumerApp.swift in Sources */ = {isa = PBXBuildFile; fileRef = CB7BEDB82BBD4E9D00C0F298 /* ANBDConsumerApp.swift */; };
		CB7BEDBB2BBD4E9D00C0F298 /* ANBDTabView.swift in Sources */ = {isa = PBXBuildFile; fileRef = CB7BEDBA2BBD4E9D00C0F298 /* ANBDTabView.swift */; };
		CB7BEDBD2BBD4E9F00C0F298 /* Assets.xcassets in Resources */ = {isa = PBXBuildFile; fileRef = CB7BEDBC2BBD4E9F00C0F298 /* Assets.xcassets */; };
		CB7BEDF82BBD53A000C0F298 /* Pretendard-Bold.otf in Resources */ = {isa = PBXBuildFile; fileRef = CB7BEDF32BBD539F00C0F298 /* Pretendard-Bold.otf */; };
		CB7BEDF92BBD53A000C0F298 /* Pretendard-Medium.otf in Resources */ = {isa = PBXBuildFile; fileRef = CB7BEDF42BBD539F00C0F298 /* Pretendard-Medium.otf */; };
		CB7BEDFA2BBD53A000C0F298 /* Pretendard-Regular.otf in Resources */ = {isa = PBXBuildFile; fileRef = CB7BEDF52BBD539F00C0F298 /* Pretendard-Regular.otf */; };
		CB7BEDFB2BBD53A000C0F298 /* Pretendard-SemiBold.otf in Resources */ = {isa = PBXBuildFile; fileRef = CB7BEDF62BBD539F00C0F298 /* Pretendard-SemiBold.otf */; };
		CB7BEDFD2BBD53AF00C0F298 /* Colors.xcassets in Resources */ = {isa = PBXBuildFile; fileRef = CB7BEDFC2BBD53AF00C0F298 /* Colors.xcassets */; };
		CB7BEE132BBD564100C0F298 /* AuthenticationView.swift in Sources */ = {isa = PBXBuildFile; fileRef = CB7BEE122BBD564100C0F298 /* AuthenticationView.swift */; };
		CB7BEE172BBD564E00C0F298 /* ChatView.swift in Sources */ = {isa = PBXBuildFile; fileRef = CB7BEE162BBD564E00C0F298 /* ChatView.swift */; };
		CB7BEE1D2BBD566700C0F298 /* HomeView.swift in Sources */ = {isa = PBXBuildFile; fileRef = CB7BEE1C2BBD566700C0F298 /* HomeView.swift */; };
		CB7BEE212BBD568A00C0F298 /* ANBDFont.swift in Sources */ = {isa = PBXBuildFile; fileRef = CB7BEE202BBD568A00C0F298 /* ANBDFont.swift */; };
		CB7BEE272BBD575700C0F298 /* AuthenticationViewModel.swift in Sources */ = {isa = PBXBuildFile; fileRef = CB7BEE262BBD575700C0F298 /* AuthenticationViewModel.swift */; };
		CB7BEE2F2BBD57A000C0F298 /* ChatViewModel.swift in Sources */ = {isa = PBXBuildFile; fileRef = CB7BEE2E2BBD57A000C0F298 /* ChatViewModel.swift */; };
		CB7BEE332BBD57B500C0F298 /* TradeViewModel.swift in Sources */ = {isa = PBXBuildFile; fileRef = CB7BEE322BBD57B500C0F298 /* TradeViewModel.swift */; };
		CB7BEE3B2BBD57FD00C0F298 /* HomeViewModel.swift in Sources */ = {isa = PBXBuildFile; fileRef = CB7BEE3A2BBD57FD00C0F298 /* HomeViewModel.swift */; };
		CB7BEE3E2BBD587200C0F298 /* ANBDModel in Frameworks */ = {isa = PBXBuildFile; productRef = CB7BEE3D2BBD587200C0F298 /* ANBDModel */; };
		CBD556F32BE1C88900792CBE /* NetworkMonitor.swift in Sources */ = {isa = PBXBuildFile; fileRef = CBD556F22BE1C88900792CBE /* NetworkMonitor.swift */; };
		CBD556F92BE23D5300792CBE /* Secrets.xcconfig in Resources */ = {isa = PBXBuildFile; fileRef = CBD556F82BE23D5300792CBE /* Secrets.xcconfig */; };
		D75C3A4D2BBF8C6900ED948C /* ArticleListCell.swift in Sources */ = {isa = PBXBuildFile; fileRef = D75C3A4C2BBF8C6900ED948C /* ArticleListCell.swift */; };
		D75C3A512BBFD9DB00ED948C /* ArticleCreateView.swift in Sources */ = {isa = PBXBuildFile; fileRef = D75C3A502BBFD9DB00ED948C /* ArticleCreateView.swift */; };
		D75C3A532BC1377400ED948C /* ArticleView.swift in Sources */ = {isa = PBXBuildFile; fileRef = D75C3A522BC1377400ED948C /* ArticleView.swift */; };
		D77D22FB2BD3B6790049190E /* CommentEditView.swift in Sources */ = {isa = PBXBuildFile; fileRef = D77D22FA2BD3B6790049190E /* CommentEditView.swift */; };
		D7E56D702BC39373000AA1BE /* InstructionsView.swift in Sources */ = {isa = PBXBuildFile; fileRef = D7E56D6F2BC39373000AA1BE /* InstructionsView.swift */; };
		D7E56D722BC425AE000AA1BE /* ArticleListView.swift in Sources */ = {isa = PBXBuildFile; fileRef = D7E56D712BC425AE000AA1BE /* ArticleListView.swift */; };
/* End PBXBuildFile section */

/* Begin PBXFileReference section */
		4204F32E2BC7C60700C56DB8 /* UserActivityListView.swift */ = {isa = PBXFileReference; lastKnownFileType = sourcecode.swift; path = UserActivityListView.swift; sourceTree = "<group>"; };
		4232CADD2BE287F4001BF14F /* ToastManager.swift */ = {isa = PBXFileReference; lastKnownFileType = sourcecode.swift; path = ToastManager.swift; sourceTree = "<group>"; };
		424CA0042BC397A600F83F8D /* TextFieldWithTitle.swift */ = {isa = PBXFileReference; lastKnownFileType = sourcecode.swift; path = TextFieldWithTitle.swift; sourceTree = "<group>"; };
		424CA0062BC39C7C00F83F8D /* BlueSquareButton.swift */ = {isa = PBXFileReference; lastKnownFileType = sourcecode.swift; path = BlueSquareButton.swift; sourceTree = "<group>"; };
		424CA0082BC3A79900F83F8D /* SignUpEmailView.swift */ = {isa = PBXFileReference; lastKnownFileType = sourcecode.swift; path = SignUpEmailView.swift; sourceTree = "<group>"; };
		424CA00A2BC3AB7800F83F8D /* SignUpPasswordView.swift */ = {isa = PBXFileReference; lastKnownFileType = sourcecode.swift; path = SignUpPasswordView.swift; sourceTree = "<group>"; };
		424CA00C2BC3B4CE00F83F8D /* SignUpUserInfoView.swift */ = {isa = PBXFileReference; lastKnownFileType = sourcecode.swift; path = SignUpUserInfoView.swift; sourceTree = "<group>"; };
		424CA00E2BC3B83700F83F8D /* SignUpPolicyAgreeView.swift */ = {isa = PBXFileReference; lastKnownFileType = sourcecode.swift; path = SignUpPolicyAgreeView.swift; sourceTree = "<group>"; };
		424CA0102BC3B8AA00F83F8D /* PolicyDetailView.swift */ = {isa = PBXFileReference; lastKnownFileType = sourcecode.swift; path = PolicyDetailView.swift; sourceTree = "<group>"; };
		424CA0122BC3C0E200F83F8D /* TermsView.swift */ = {isa = PBXFileReference; lastKnownFileType = sourcecode.swift; path = TermsView.swift; sourceTree = "<group>"; };
		424CA0142BC3C45E00F83F8D /* SignUpCompleteView.swift */ = {isa = PBXFileReference; lastKnownFileType = sourcecode.swift; path = SignUpCompleteView.swift; sourceTree = "<group>"; };
		426EE0302BD37CCD00006C2C /* UserStore.swift */ = {isa = PBXFileReference; lastKnownFileType = sourcecode.swift; path = UserStore.swift; sourceTree = "<group>"; };
		427C923A2BCE4CFA0083B4A9 /* UserDefaultsClient.swift */ = {isa = PBXFileReference; lastKnownFileType = sourcecode.swift; path = UserDefaultsClient.swift; sourceTree = "<group>"; };
		427E28D12BDE2EB7001172C1 /* SettingsView.swift */ = {isa = PBXFileReference; lastKnownFileType = sourcecode.swift; path = SettingsView.swift; sourceTree = "<group>"; };
		428E613E2BC8BDE400808340 /* UserLikedContentsView.swift */ = {isa = PBXFileReference; lastKnownFileType = sourcecode.swift; path = UserLikedContentsView.swift; sourceTree = "<group>"; };
		42B045CD2BFA4E26000B8B20 /* BlockingUserListView.swift */ = {isa = PBXFileReference; lastKnownFileType = sourcecode.swift; path = BlockingUserListView.swift; sourceTree = "<group>"; };
		42C151702BD1014400917F30 /* ListEmptyView.swift */ = {isa = PBXFileReference; lastKnownFileType = sourcecode.swift; path = ListEmptyView.swift; sourceTree = "<group>"; };
		42C7BBD92BC2793B00F0805A /* UserInfoEditingView.swift */ = {isa = PBXFileReference; lastKnownFileType = sourcecode.swift; path = UserInfoEditingView.swift; sourceTree = "<group>"; };
		42EE634D2BC2BCA100100FF4 /* LocationPickerMenu.swift */ = {isa = PBXFileReference; lastKnownFileType = sourcecode.swift; path = LocationPickerMenu.swift; sourceTree = "<group>"; };
		46652CF02BDF2D19000F7376 /* ANBDConsumer.entitlements */ = {isa = PBXFileReference; lastKnownFileType = text.plist.entitlements; path = ANBDConsumer.entitlements; sourceTree = "<group>"; };
		46652CF22BDF603F000F7376 /* Bundle+Extension.swift */ = {isa = PBXFileReference; lastKnownFileType = sourcecode.swift; path = "Bundle+Extension.swift"; sourceTree = "<group>"; };
		A816E5F92BC1056F00138CFC /* ChatListCell.swift */ = {isa = PBXFileReference; lastKnownFileType = sourcecode.swift; path = ChatListCell.swift; sourceTree = "<group>"; };
		A816E5FB2BC11B7800138CFC /* ChatDetailView.swift */ = {isa = PBXFileReference; lastKnownFileType = sourcecode.swift; path = ChatDetailView.swift; sourceTree = "<group>"; };
		A816E5FD2BC1254B00138CFC /* TradeStateChangeView.swift */ = {isa = PBXFileReference; lastKnownFileType = sourcecode.swift; path = TradeStateChangeView.swift; sourceTree = "<group>"; };
		A816E5FF2BC162DC00138CFC /* ImageDetailView.swift */ = {isa = PBXFileReference; lastKnownFileType = sourcecode.swift; path = ImageDetailView.swift; sourceTree = "<group>"; };
		A816E6012BC1706600138CFC /* CustomAlertView.swift */ = {isa = PBXFileReference; lastKnownFileType = sourcecode.swift; path = CustomAlertView.swift; sourceTree = "<group>"; };
		A828601F2BD22F6300BCA57A /* MessageCell.swift */ = {isa = PBXFileReference; lastKnownFileType = sourcecode.swift; path = MessageCell.swift; sourceTree = "<group>"; };
		A82860212BD2356200BCA57A /* ChatHeaderView.swift */ = {isa = PBXFileReference; lastKnownFileType = sourcecode.swift; path = ChatHeaderView.swift; sourceTree = "<group>"; };
		A828602A2BD3C34300BCA57A /* ReportViewModel.swift */ = {isa = PBXFileReference; lastKnownFileType = sourcecode.swift; path = ReportViewModel.swift; sourceTree = "<group>"; };
		A83983ED2BC7D4BD00868E4C /* SearchViewModel.swift */ = {isa = PBXFileReference; lastKnownFileType = sourcecode.swift; path = SearchViewModel.swift; sourceTree = "<group>"; };
		A83F2F962BBF951E00E3EB13 /* Info.plist */ = {isa = PBXFileReference; lastKnownFileType = text.plist; path = Info.plist; sourceTree = "<group>"; };
		A83F2F9A2BBFCD7D00E3EB13 /* SafariWebView.swift */ = {isa = PBXFileReference; lastKnownFileType = sourcecode.swift; path = SafariWebView.swift; sourceTree = "<group>"; };
		A850CF752BF1CE1A00654292 /* GoogleService-Info.plist */ = {isa = PBXFileReference; fileEncoding = 4; lastKnownFileType = text.plist.xml; path = "GoogleService-Info.plist"; sourceTree = "<group>"; };
		A8640B392BC391F800232F9C /* ReportView.swift */ = {isa = PBXFileReference; lastKnownFileType = sourcecode.swift; path = ReportView.swift; sourceTree = "<group>"; };
		A8640B3D2BC3DCBE00232F9C /* CapsuleButtonView.swift */ = {isa = PBXFileReference; lastKnownFileType = sourcecode.swift; path = CapsuleButtonView.swift; sourceTree = "<group>"; };
		A87E89F22BC4370500F5331B /* SearchView.swift */ = {isa = PBXFileReference; lastKnownFileType = sourcecode.swift; path = SearchView.swift; sourceTree = "<group>"; };
		A87E89F42BC43B5500F5331B /* SearchResultView.swift */ = {isa = PBXFileReference; lastKnownFileType = sourcecode.swift; path = SearchResultView.swift; sourceTree = "<group>"; };
		A8A269C02BD630BD0099C3A3 /* Coordinator.swift */ = {isa = PBXFileReference; lastKnownFileType = sourcecode.swift; path = Coordinator.swift; sourceTree = "<group>"; };
		A8BD759F2BDA3F730089799D /* ToastView.swift */ = {isa = PBXFileReference; lastKnownFileType = sourcecode.swift; path = ToastView.swift; sourceTree = "<group>"; };
		CB198CEF2BBF8E84000C2709 /* Category.swift */ = {isa = PBXFileReference; lastKnownFileType = sourcecode.swift; path = Category.swift; sourceTree = "<group>"; };
		CB198CF12BBF8FC8000C2709 /* CategoryDividerView.swift */ = {isa = PBXFileReference; lastKnownFileType = sourcecode.swift; path = CategoryDividerView.swift; sourceTree = "<group>"; };
		CB198CF52BBFD0A3000C2709 /* WriteButtonView.swift */ = {isa = PBXFileReference; lastKnownFileType = sourcecode.swift; path = WriteButtonView.swift; sourceTree = "<group>"; };
		CB198D092BC38B83000C2709 /* CategoryBottomSheet.swift */ = {isa = PBXFileReference; fileEncoding = 4; lastKnownFileType = sourcecode.swift; path = CategoryBottomSheet.swift; sourceTree = "<group>"; };
		CB198D0B2BC38BA0000C2709 /* LocationBottomSheet.swift */ = {isa = PBXFileReference; fileEncoding = 4; lastKnownFileType = sourcecode.swift; path = LocationBottomSheet.swift; sourceTree = "<group>"; };
		CB198D0F2BC38BA0000C2709 /* CheckboxView.swift */ = {isa = PBXFileReference; fileEncoding = 4; lastKnownFileType = sourcecode.swift; path = CheckboxView.swift; sourceTree = "<group>"; };
		CB198D152BC38BFC000C2709 /* TradeDetailView.swift */ = {isa = PBXFileReference; fileEncoding = 4; lastKnownFileType = sourcecode.swift; path = TradeDetailView.swift; sourceTree = "<group>"; };
		CB198D192BC38CB9000C2709 /* Date+Extension.swift */ = {isa = PBXFileReference; lastKnownFileType = sourcecode.swift; path = "Date+Extension.swift"; sourceTree = "<group>"; };
		CB198D1B2BC3A4FA000C2709 /* TradeCreateView.swift */ = {isa = PBXFileReference; lastKnownFileType = sourcecode.swift; path = TradeCreateView.swift; sourceTree = "<group>"; };
		CB198D1D2BC3A7BC000C2709 /* TextFieldModifier.swift */ = {isa = PBXFileReference; lastKnownFileType = sourcecode.swift; path = TextFieldModifier.swift; sourceTree = "<group>"; };
		CB198D272BC3D069000C2709 /* ItemCategoryPickerMenu.swift */ = {isa = PBXFileReference; lastKnownFileType = sourcecode.swift; path = ItemCategoryPickerMenu.swift; sourceTree = "<group>"; };
		CB6AA2112BDFDD4D005CA6E4 /* LoadingView.swift */ = {isa = PBXFileReference; lastKnownFileType = sourcecode.swift; path = LoadingView.swift; sourceTree = "<group>"; };
		CB7BEDB52BBD4E9D00C0F298 /* ANBDConsumer.app */ = {isa = PBXFileReference; explicitFileType = wrapper.application; includeInIndex = 0; path = ANBDConsumer.app; sourceTree = BUILT_PRODUCTS_DIR; };
		CB7BEDB82BBD4E9D00C0F298 /* ANBDConsumerApp.swift */ = {isa = PBXFileReference; lastKnownFileType = sourcecode.swift; path = ANBDConsumerApp.swift; sourceTree = "<group>"; };
		CB7BEDBA2BBD4E9D00C0F298 /* ANBDTabView.swift */ = {isa = PBXFileReference; lastKnownFileType = sourcecode.swift; path = ANBDTabView.swift; sourceTree = "<group>"; };
		CB7BEDBC2BBD4E9F00C0F298 /* Assets.xcassets */ = {isa = PBXFileReference; lastKnownFileType = folder.assetcatalog; path = Assets.xcassets; sourceTree = "<group>"; };
		CB7BEDF32BBD539F00C0F298 /* Pretendard-Bold.otf */ = {isa = PBXFileReference; lastKnownFileType = file; path = "Pretendard-Bold.otf"; sourceTree = "<group>"; };
		CB7BEDF42BBD539F00C0F298 /* Pretendard-Medium.otf */ = {isa = PBXFileReference; lastKnownFileType = file; path = "Pretendard-Medium.otf"; sourceTree = "<group>"; };
		CB7BEDF52BBD539F00C0F298 /* Pretendard-Regular.otf */ = {isa = PBXFileReference; lastKnownFileType = file; path = "Pretendard-Regular.otf"; sourceTree = "<group>"; };
		CB7BEDF62BBD539F00C0F298 /* Pretendard-SemiBold.otf */ = {isa = PBXFileReference; lastKnownFileType = file; path = "Pretendard-SemiBold.otf"; sourceTree = "<group>"; };
		CB7BEDFC2BBD53AF00C0F298 /* Colors.xcassets */ = {isa = PBXFileReference; lastKnownFileType = folder.assetcatalog; path = Colors.xcassets; sourceTree = "<group>"; };
		CB7BEE122BBD564100C0F298 /* AuthenticationView.swift */ = {isa = PBXFileReference; lastKnownFileType = sourcecode.swift; path = AuthenticationView.swift; sourceTree = "<group>"; };
		CB7BEE142BBD564800C0F298 /* UserPageView.swift */ = {isa = PBXFileReference; lastKnownFileType = sourcecode.swift; path = UserPageView.swift; sourceTree = "<group>"; };
		CB7BEE162BBD564E00C0F298 /* ChatView.swift */ = {isa = PBXFileReference; lastKnownFileType = sourcecode.swift; path = ChatView.swift; sourceTree = "<group>"; };
		CB7BEE1C2BBD566700C0F298 /* HomeView.swift */ = {isa = PBXFileReference; lastKnownFileType = sourcecode.swift; path = HomeView.swift; sourceTree = "<group>"; };
		CB7BEE202BBD568A00C0F298 /* ANBDFont.swift */ = {isa = PBXFileReference; lastKnownFileType = sourcecode.swift; path = ANBDFont.swift; sourceTree = "<group>"; };
		CB7BEE222BBD56B900C0F298 /* View+Extension.swift */ = {isa = PBXFileReference; lastKnownFileType = sourcecode.swift; path = "View+Extension.swift"; sourceTree = "<group>"; };
		CB7BEE262BBD575700C0F298 /* AuthenticationViewModel.swift */ = {isa = PBXFileReference; lastKnownFileType = sourcecode.swift; path = AuthenticationViewModel.swift; sourceTree = "<group>"; };
		CB7BEE2A2BBD578A00C0F298 /* MyPageViewModel.swift */ = {isa = PBXFileReference; lastKnownFileType = sourcecode.swift; path = MyPageViewModel.swift; sourceTree = "<group>"; };
		CB7BEE2E2BBD57A000C0F298 /* ChatViewModel.swift */ = {isa = PBXFileReference; lastKnownFileType = sourcecode.swift; path = ChatViewModel.swift; sourceTree = "<group>"; };
		CB7BEE322BBD57B500C0F298 /* TradeViewModel.swift */ = {isa = PBXFileReference; lastKnownFileType = sourcecode.swift; path = TradeViewModel.swift; sourceTree = "<group>"; };
		CB7BEE362BBD57CE00C0F298 /* ArticleViewModel.swift */ = {isa = PBXFileReference; lastKnownFileType = sourcecode.swift; path = ArticleViewModel.swift; sourceTree = "<group>"; };
		CB7BEE3A2BBD57FD00C0F298 /* HomeViewModel.swift */ = {isa = PBXFileReference; lastKnownFileType = sourcecode.swift; path = HomeViewModel.swift; sourceTree = "<group>"; };
		CBD556F22BE1C88900792CBE /* NetworkMonitor.swift */ = {isa = PBXFileReference; lastKnownFileType = sourcecode.swift; path = NetworkMonitor.swift; sourceTree = "<group>"; };
		CBD556F82BE23D5300792CBE /* Secrets.xcconfig */ = {isa = PBXFileReference; fileEncoding = 4; lastKnownFileType = text.xcconfig; path = Secrets.xcconfig; sourceTree = "<group>"; };
		D75C3A4C2BBF8C6900ED948C /* ArticleListCell.swift */ = {isa = PBXFileReference; lastKnownFileType = sourcecode.swift; path = ArticleListCell.swift; sourceTree = "<group>"; };
		D75C3A4E2BBFB40200ED948C /* ArticleDetailView.swift */ = {isa = PBXFileReference; lastKnownFileType = sourcecode.swift; path = ArticleDetailView.swift; sourceTree = "<group>"; };
		D75C3A502BBFD9DB00ED948C /* ArticleCreateView.swift */ = {isa = PBXFileReference; lastKnownFileType = sourcecode.swift; path = ArticleCreateView.swift; sourceTree = "<group>"; };
		D75C3A522BC1377400ED948C /* ArticleView.swift */ = {isa = PBXFileReference; lastKnownFileType = sourcecode.swift; path = ArticleView.swift; sourceTree = "<group>"; };
		D77D22FA2BD3B6790049190E /* CommentEditView.swift */ = {isa = PBXFileReference; lastKnownFileType = sourcecode.swift; path = CommentEditView.swift; sourceTree = "<group>"; };
		D7E56D6F2BC39373000AA1BE /* InstructionsView.swift */ = {isa = PBXFileReference; lastKnownFileType = sourcecode.swift; path = InstructionsView.swift; sourceTree = "<group>"; };
		D7E56D712BC425AE000AA1BE /* ArticleListView.swift */ = {isa = PBXFileReference; lastKnownFileType = sourcecode.swift; path = ArticleListView.swift; sourceTree = "<group>"; };
/* End PBXFileReference section */

/* Begin PBXFrameworksBuildPhase section */
		CB7BEDB22BBD4E9D00C0F298 /* Frameworks */ = {
			isa = PBXFrameworksBuildPhase;
			buildActionMask = 2147483647;
			files = (
				469FA5D42BDB405800D2222B /* Kingfisher in Frameworks */,
				CB7BEE3E2BBD587200C0F298 /* ANBDModel in Frameworks */,
				469FA5D12BDA3DE800D2222B /* SkeletonUI in Frameworks */,
			);
			runOnlyForDeploymentPostprocessing = 0;
		};
/* End PBXFrameworksBuildPhase section */

/* Begin PBXGroup section */
		A82860272BD3C31A00BCA57A /* Report */ = {
			isa = PBXGroup;
			children = (
				A82860292BD3C33000BCA57A /* ViewModel */,
				A82860282BD3C32900BCA57A /* View */,
			);
			path = Report;
			sourceTree = "<group>";
		};
		A82860282BD3C32900BCA57A /* View */ = {
			isa = PBXGroup;
			children = (
				A8640B392BC391F800232F9C /* ReportView.swift */,
			);
			path = View;
			sourceTree = "<group>";
		};
		A82860292BD3C33000BCA57A /* ViewModel */ = {
			isa = PBXGroup;
			children = (
				A828602A2BD3C34300BCA57A /* ReportViewModel.swift */,
			);
			path = ViewModel;
			sourceTree = "<group>";
		};
		A83983EA2BC7D40900868E4C /* Search */ = {
			isa = PBXGroup;
			children = (
				A83983EC2BC7D42C00868E4C /* ViewModel */,
				A83983EB2BC7D42700868E4C /* View */,
			);
			path = Search;
			sourceTree = "<group>";
		};
		A83983EB2BC7D42700868E4C /* View */ = {
			isa = PBXGroup;
			children = (
				A87E89F22BC4370500F5331B /* SearchView.swift */,
				A87E89F42BC43B5500F5331B /* SearchResultView.swift */,
			);
			path = View;
			sourceTree = "<group>";
		};
		A83983EC2BC7D42C00868E4C /* ViewModel */ = {
			isa = PBXGroup;
			children = (
				A83983ED2BC7D4BD00868E4C /* SearchViewModel.swift */,
			);
			path = ViewModel;
			sourceTree = "<group>";
		};
		CB198D232BC3C212000C2709 /* Button */ = {
			isa = PBXGroup;
			children = (
				424CA0062BC39C7C00F83F8D /* BlueSquareButton.swift */,
				CB198CF52BBFD0A3000C2709 /* WriteButtonView.swift */,
				A8640B3D2BC3DCBE00232F9C /* CapsuleButtonView.swift */,
			);
			path = Button;
			sourceTree = "<group>";
		};
		CB198D242BC3C22E000C2709 /* View */ = {
			isa = PBXGroup;
			children = (
				D75C3A522BC1377400ED948C /* ArticleView.swift */,
				D7E56D712BC425AE000AA1BE /* ArticleListView.swift */,
				D75C3A4C2BBF8C6900ED948C /* ArticleListCell.swift */,
				CB198CF12BBF8FC8000C2709 /* CategoryDividerView.swift */,
				A83F2F9A2BBFCD7D00E3EB13 /* SafariWebView.swift */,
				A816E5FD2BC1254B00138CFC /* TradeStateChangeView.swift */,
				A816E5FF2BC162DC00138CFC /* ImageDetailView.swift */,
				A816E6012BC1706600138CFC /* CustomAlertView.swift */,
				CB198D0F2BC38BA0000C2709 /* CheckboxView.swift */,
				42C151702BD1014400917F30 /* ListEmptyView.swift */,
				A8BD759F2BDA3F730089799D /* ToastView.swift */,
				CB6AA2112BDFDD4D005CA6E4 /* LoadingView.swift */,
			);
			path = View;
			sourceTree = "<group>";
		};
		CB198D252BC3C257000C2709 /* Sheet */ = {
			isa = PBXGroup;
			children = (
				CB198D092BC38B83000C2709 /* CategoryBottomSheet.swift */,
				CB198D0B2BC38BA0000C2709 /* LocationBottomSheet.swift */,
			);
			path = Sheet;
			sourceTree = "<group>";
		};
		CB198D262BC3C2A2000C2709 /* Picker */ = {
			isa = PBXGroup;
			children = (
				42EE634D2BC2BCA100100FF4 /* LocationPickerMenu.swift */,
				CB198D272BC3D069000C2709 /* ItemCategoryPickerMenu.swift */,
			);
			path = Picker;
			sourceTree = "<group>";
		};
		CB198D2B2BC5A0C7000C2709 /* TextField */ = {
			isa = PBXGroup;
			children = (
				CB198D1D2BC3A7BC000C2709 /* TextFieldModifier.swift */,
				424CA0042BC397A600F83F8D /* TextFieldWithTitle.swift */,
			);
			path = TextField;
			sourceTree = "<group>";
		};
		CB7BEDAC2BBD4E9D00C0F298 = {
			isa = PBXGroup;
			children = (
				CB7BEDB72BBD4E9D00C0F298 /* ANBDConsumer */,
				CB7BEDB62BBD4E9D00C0F298 /* Products */,
				CB7BEE3C2BBD587200C0F298 /* Frameworks */,
			);
			sourceTree = "<group>";
		};
		CB7BEDB62BBD4E9D00C0F298 /* Products */ = {
			isa = PBXGroup;
			children = (
				CB7BEDB52BBD4E9D00C0F298 /* ANBDConsumer.app */,
			);
			name = Products;
			sourceTree = "<group>";
		};
		CB7BEDB72BBD4E9D00C0F298 /* ANBDConsumer */ = {
			isa = PBXGroup;
			children = (
				46652CF02BDF2D19000F7376 /* ANBDConsumer.entitlements */,
				A83F2F962BBF951E00E3EB13 /* Info.plist */,
				CB7BEE042BBD550700C0F298 /* App */,
				CB7BEE052BBD551000C0F298 /* Presentaion */,
				CB7BEE072BBD556300C0F298 /* Common */,
				CB7BEE062BBD551800C0F298 /* Resource */,
			);
			path = ANBDConsumer;
			sourceTree = "<group>";
		};
		CB7BEDF72BBD539F00C0F298 /* Font */ = {
			isa = PBXGroup;
			children = (
				CB7BEDF32BBD539F00C0F298 /* Pretendard-Bold.otf */,
				CB7BEDF42BBD539F00C0F298 /* Pretendard-Medium.otf */,
				CB7BEDF52BBD539F00C0F298 /* Pretendard-Regular.otf */,
				CB7BEDF62BBD539F00C0F298 /* Pretendard-SemiBold.otf */,
			);
			path = Font;
			sourceTree = "<group>";
		};
		CB7BEE042BBD550700C0F298 /* App */ = {
			isa = PBXGroup;
			children = (
				CB7BEDB82BBD4E9D00C0F298 /* ANBDConsumerApp.swift */,
			);
			path = App;
			sourceTree = "<group>";
		};
		CB7BEE052BBD551000C0F298 /* Presentaion */ = {
			isa = PBXGroup;
			children = (
				CB7BEDBA2BBD4E9D00C0F298 /* ANBDTabView.swift */,
				CB7BEE0F2BBD561700C0F298 /* CommonUI */,
				CB7BEE0E2BBD560300C0F298 /* Authentication */,
				CB7BEE0D2BBD55F800C0F298 /* Mypage */,
				CB7BEE0C2BBD55F400C0F298 /* Chat */,
				CB7BEE0B2BBD55ED00C0F298 /* Trade */,
				CB7BEE0A2BBD55CD00C0F298 /* Article */,
				CB7BEE092BBD55C700C0F298 /* Home */,
				A83983EA2BC7D40900868E4C /* Search */,
				A82860272BD3C31A00BCA57A /* Report */,
			);
			path = Presentaion;
			sourceTree = "<group>";
		};
		CB7BEE062BBD551800C0F298 /* Resource */ = {
			isa = PBXGroup;
			children = (
				A850CF752BF1CE1A00654292 /* GoogleService-Info.plist */,
				CBD556F82BE23D5300792CBE /* Secrets.xcconfig */,
				CB7BEDF72BBD539F00C0F298 /* Font */,
				CB7BEDBC2BBD4E9F00C0F298 /* Assets.xcassets */,
				CB7BEDFC2BBD53AF00C0F298 /* Colors.xcassets */,
			);
			path = Resource;
			sourceTree = "<group>";
		};
		CB7BEE072BBD556300C0F298 /* Common */ = {
			isa = PBXGroup;
			children = (
				CB7BEE1F2BBD568100C0F298 /* Util */,
				CB7BEE1E2BBD567B00C0F298 /* Extension */,
			);
			path = Common;
			sourceTree = "<group>";
		};
		CB7BEE092BBD55C700C0F298 /* Home */ = {
			isa = PBXGroup;
			children = (
				CB7BEE392BBD57F300C0F298 /* ViewModel */,
				CB7BEE382BBD57EF00C0F298 /* View */,
			);
			path = Home;
			sourceTree = "<group>";
		};
		CB7BEE0A2BBD55CD00C0F298 /* Article */ = {
			isa = PBXGroup;
			children = (
				CB7BEE352BBD57BF00C0F298 /* ViewModel */,
				CB7BEE342BBD57BB00C0F298 /* View */,
			);
			path = Article;
			sourceTree = "<group>";
		};
		CB7BEE0B2BBD55ED00C0F298 /* Trade */ = {
			isa = PBXGroup;
			children = (
				CB7BEE312BBD57AC00C0F298 /* ViewModel */,
				CB7BEE302BBD57A800C0F298 /* View */,
			);
			path = Trade;
			sourceTree = "<group>";
		};
		CB7BEE0C2BBD55F400C0F298 /* Chat */ = {
			isa = PBXGroup;
			children = (
				CB7BEE2D2BBD579700C0F298 /* ViewModel */,
				CB7BEE2C2BBD579100C0F298 /* View */,
			);
			path = Chat;
			sourceTree = "<group>";
		};
		CB7BEE0D2BBD55F800C0F298 /* Mypage */ = {
			isa = PBXGroup;
			children = (
				CB7BEE292BBD577F00C0F298 /* ViewModel */,
				CB7BEE282BBD577800C0F298 /* View */,
			);
			path = Mypage;
			sourceTree = "<group>";
		};
		CB7BEE0E2BBD560300C0F298 /* Authentication */ = {
			isa = PBXGroup;
			children = (
				CB7BEE252BBD571800C0F298 /* ViewModel */,
				CB7BEE242BBD571100C0F298 /* View */,
			);
			path = Authentication;
			sourceTree = "<group>";
		};
		CB7BEE0F2BBD561700C0F298 /* CommonUI */ = {
			isa = PBXGroup;
			children = (
				CB198D2B2BC5A0C7000C2709 /* TextField */,
				CB198D262BC3C2A2000C2709 /* Picker */,
				CB198D252BC3C257000C2709 /* Sheet */,
				CB198D242BC3C22E000C2709 /* View */,
				CB198D232BC3C212000C2709 /* Button */,
			);
			path = CommonUI;
			sourceTree = "<group>";
		};
		CB7BEE1E2BBD567B00C0F298 /* Extension */ = {
			isa = PBXGroup;
			children = (
				CB7BEE222BBD56B900C0F298 /* View+Extension.swift */,
				CB198D192BC38CB9000C2709 /* Date+Extension.swift */,
				46652CF22BDF603F000F7376 /* Bundle+Extension.swift */,
			);
			path = Extension;
			sourceTree = "<group>";
		};
		CB7BEE1F2BBD568100C0F298 /* Util */ = {
			isa = PBXGroup;
			children = (
				CB7BEE202BBD568A00C0F298 /* ANBDFont.swift */,
				CB198CEF2BBF8E84000C2709 /* Category.swift */,
				427C923A2BCE4CFA0083B4A9 /* UserDefaultsClient.swift */,
				426EE0302BD37CCD00006C2C /* UserStore.swift */,
				A8A269C02BD630BD0099C3A3 /* Coordinator.swift */,
				CBD556F22BE1C88900792CBE /* NetworkMonitor.swift */,
				4232CADD2BE287F4001BF14F /* ToastManager.swift */,
			);
			path = Util;
			sourceTree = "<group>";
		};
		CB7BEE242BBD571100C0F298 /* View */ = {
			isa = PBXGroup;
			children = (
				CB7BEE122BBD564100C0F298 /* AuthenticationView.swift */,
				424CA0082BC3A79900F83F8D /* SignUpEmailView.swift */,
				424CA00A2BC3AB7800F83F8D /* SignUpPasswordView.swift */,
				424CA0142BC3C45E00F83F8D /* SignUpCompleteView.swift */,
				424CA00C2BC3B4CE00F83F8D /* SignUpUserInfoView.swift */,
				424CA00E2BC3B83700F83F8D /* SignUpPolicyAgreeView.swift */,
				424CA0102BC3B8AA00F83F8D /* PolicyDetailView.swift */,
				424CA0122BC3C0E200F83F8D /* TermsView.swift */,
			);
			path = View;
			sourceTree = "<group>";
		};
		CB7BEE252BBD571800C0F298 /* ViewModel */ = {
			isa = PBXGroup;
			children = (
				CB7BEE262BBD575700C0F298 /* AuthenticationViewModel.swift */,
			);
			path = ViewModel;
			sourceTree = "<group>";
		};
		CB7BEE282BBD577800C0F298 /* View */ = {
			isa = PBXGroup;
			children = (
				CB7BEE142BBD564800C0F298 /* UserPageView.swift */,
				42C7BBD92BC2793B00F0805A /* UserInfoEditingView.swift */,
				4204F32E2BC7C60700C56DB8 /* UserActivityListView.swift */,
				428E613E2BC8BDE400808340 /* UserLikedContentsView.swift */,
				427E28D12BDE2EB7001172C1 /* SettingsView.swift */,
				42B045CD2BFA4E26000B8B20 /* BlockingUserListView.swift */,
			);
			path = View;
			sourceTree = "<group>";
		};
		CB7BEE292BBD577F00C0F298 /* ViewModel */ = {
			isa = PBXGroup;
			children = (
				CB7BEE2A2BBD578A00C0F298 /* MyPageViewModel.swift */,
			);
			path = ViewModel;
			sourceTree = "<group>";
		};
		CB7BEE2C2BBD579100C0F298 /* View */ = {
			isa = PBXGroup;
			children = (
				CB7BEE162BBD564E00C0F298 /* ChatView.swift */,
				A816E5F92BC1056F00138CFC /* ChatListCell.swift */,
				A816E5FB2BC11B7800138CFC /* ChatDetailView.swift */,
				A82860212BD2356200BCA57A /* ChatHeaderView.swift */,
				A828601F2BD22F6300BCA57A /* MessageCell.swift */,
			);
			path = View;
			sourceTree = "<group>";
		};
		CB7BEE2D2BBD579700C0F298 /* ViewModel */ = {
			isa = PBXGroup;
			children = (
				CB7BEE2E2BBD57A000C0F298 /* ChatViewModel.swift */,
			);
			path = ViewModel;
			sourceTree = "<group>";
		};
		CB7BEE302BBD57A800C0F298 /* View */ = {
			isa = PBXGroup;
			children = (
				CB198D152BC38BFC000C2709 /* TradeDetailView.swift */,
				CB198D1B2BC3A4FA000C2709 /* TradeCreateView.swift */,
			);
			path = View;
			sourceTree = "<group>";
		};
		CB7BEE312BBD57AC00C0F298 /* ViewModel */ = {
			isa = PBXGroup;
			children = (
				CB7BEE322BBD57B500C0F298 /* TradeViewModel.swift */,
			);
			path = ViewModel;
			sourceTree = "<group>";
		};
		CB7BEE342BBD57BB00C0F298 /* View */ = {
			isa = PBXGroup;
			children = (
				D75C3A502BBFD9DB00ED948C /* ArticleCreateView.swift */,
				D75C3A4E2BBFB40200ED948C /* ArticleDetailView.swift */,
				D7E56D6F2BC39373000AA1BE /* InstructionsView.swift */,
				D77D22FA2BD3B6790049190E /* CommentEditView.swift */,
			);
			path = View;
			sourceTree = "<group>";
		};
		CB7BEE352BBD57BF00C0F298 /* ViewModel */ = {
			isa = PBXGroup;
			children = (
				CB7BEE362BBD57CE00C0F298 /* ArticleViewModel.swift */,
			);
			path = ViewModel;
			sourceTree = "<group>";
		};
		CB7BEE382BBD57EF00C0F298 /* View */ = {
			isa = PBXGroup;
			children = (
				CB7BEE1C2BBD566700C0F298 /* HomeView.swift */,
			);
			path = View;
			sourceTree = "<group>";
		};
		CB7BEE392BBD57F300C0F298 /* ViewModel */ = {
			isa = PBXGroup;
			children = (
				CB7BEE3A2BBD57FD00C0F298 /* HomeViewModel.swift */,
			);
			path = ViewModel;
			sourceTree = "<group>";
		};
		CB7BEE3C2BBD587200C0F298 /* Frameworks */ = {
			isa = PBXGroup;
			children = (
			);
			name = Frameworks;
			sourceTree = "<group>";
		};
/* End PBXGroup section */

/* Begin PBXNativeTarget section */
		CB7BEDB42BBD4E9D00C0F298 /* ANBDConsumer */ = {
			isa = PBXNativeTarget;
			buildConfigurationList = CB7BEDC32BBD4E9F00C0F298 /* Build configuration list for PBXNativeTarget "ANBDConsumer" */;
			buildPhases = (
				CB7BEDB12BBD4E9D00C0F298 /* Sources */,
				CB7BEDB22BBD4E9D00C0F298 /* Frameworks */,
				CB7BEDB32BBD4E9D00C0F298 /* Resources */,
			);
			buildRules = (
			);
			dependencies = (
			);
			name = ANBDConsumer;
			packageProductDependencies = (
				CB7BEE3D2BBD587200C0F298 /* ANBDModel */,
				469FA5D02BDA3DE800D2222B /* SkeletonUI */,
				469FA5D32BDB405800D2222B /* Kingfisher */,
			);
			productName = ANBDConsumer;
			productReference = CB7BEDB52BBD4E9D00C0F298 /* ANBDConsumer.app */;
			productType = "com.apple.product-type.application";
		};
/* End PBXNativeTarget section */

/* Begin PBXProject section */
		CB7BEDAD2BBD4E9D00C0F298 /* Project object */ = {
			isa = PBXProject;
			attributes = {
				BuildIndependentTargetsInParallel = 1;
				LastSwiftUpdateCheck = 1530;
				LastUpgradeCheck = 1530;
				TargetAttributes = {
					CB7BEDB42BBD4E9D00C0F298 = {
						CreatedOnToolsVersion = 15.3;
					};
				};
			};
			buildConfigurationList = CB7BEDB02BBD4E9D00C0F298 /* Build configuration list for PBXProject "ANBDConsumer" */;
			compatibilityVersion = "Xcode 14.0";
			developmentRegion = en;
			hasScannedForEncodings = 0;
			knownRegions = (
				en,
				Base,
			);
			mainGroup = CB7BEDAC2BBD4E9D00C0F298;
			packageReferences = (
				469FA5CF2BDA3DE800D2222B /* XCRemoteSwiftPackageReference "SkeletonUI" */,
				469FA5D22BDB405800D2222B /* XCRemoteSwiftPackageReference "Kingfisher" */,
			);
			productRefGroup = CB7BEDB62BBD4E9D00C0F298 /* Products */;
			projectDirPath = "";
			projectRoot = "";
			targets = (
				CB7BEDB42BBD4E9D00C0F298 /* ANBDConsumer */,
			);
		};
/* End PBXProject section */

/* Begin PBXResourcesBuildPhase section */
		CB7BEDB32BBD4E9D00C0F298 /* Resources */ = {
			isa = PBXResourcesBuildPhase;
			buildActionMask = 2147483647;
			files = (
				CBD556F92BE23D5300792CBE /* Secrets.xcconfig in Resources */,
				A850CF762BF1CE1A00654292 /* GoogleService-Info.plist in Resources */,
				CB7BEDBD2BBD4E9F00C0F298 /* Assets.xcassets in Resources */,
				CB7BEDFA2BBD53A000C0F298 /* Pretendard-Regular.otf in Resources */,
				CB7BEDFB2BBD53A000C0F298 /* Pretendard-SemiBold.otf in Resources */,
				CB7BEDFD2BBD53AF00C0F298 /* Colors.xcassets in Resources */,
				CB7BEDF82BBD53A000C0F298 /* Pretendard-Bold.otf in Resources */,
				CB7BEDF92BBD53A000C0F298 /* Pretendard-Medium.otf in Resources */,
			);
			runOnlyForDeploymentPostprocessing = 0;
		};
/* End PBXResourcesBuildPhase section */

/* Begin PBXSourcesBuildPhase section */
		CB7BEDB12BBD4E9D00C0F298 /* Sources */ = {
			isa = PBXSourcesBuildPhase;
			buildActionMask = 2147483647;
			files = (
				A8A269932BD5EFBF0099C3A3 /* UserPageView.swift in Sources */,
				A8A269922BD5EFB20099C3A3 /* View+Extension.swift in Sources */,
				A8A269912BD5EFA50099C3A3 /* UserInfoEditingView.swift in Sources */,
				A8A269902BD5EF970099C3A3 /* ArticleDetailView.swift in Sources */,
				A8A2698F2BD5EF880099C3A3 /* SignUpCompleteView.swift in Sources */,
				A8A2698E2BD5EF7B0099C3A3 /* ArticleViewModel.swift in Sources */,
				A8A2698D2BD5EF540099C3A3 /* SignUpEmailView.swift in Sources */,
				A8A2698C2BD5EF440099C3A3 /* MyPageViewModel.swift in Sources */,
				CB198D282BC3D069000C2709 /* ItemCategoryPickerMenu.swift in Sources */,
				D7E56D722BC425AE000AA1BE /* ArticleListView.swift in Sources */,
				A8BD75A02BDA3F730089799D /* ToastView.swift in Sources */,
				424CA0072BC39C7C00F83F8D /* BlueSquareButton.swift in Sources */,
				CB7BEE3B2BBD57FD00C0F298 /* HomeViewModel.swift in Sources */,
				D7E56D702BC39373000AA1BE /* InstructionsView.swift in Sources */,
				D75C3A4D2BBF8C6900ED948C /* ArticleListCell.swift in Sources */,
				D75C3A512BBFD9DB00ED948C /* ArticleCreateView.swift in Sources */,
				427C923B2BCE4CFA0083B4A9 /* UserDefaultsClient.swift in Sources */,
				A83F2F9B2BBFCD7D00E3EB13 /* SafariWebView.swift in Sources */,
				A87E89F32BC4370500F5331B /* SearchView.swift in Sources */,
				CB198D142BC38BA0000C2709 /* CheckboxView.swift in Sources */,
				427E28D22BDE2EB7001172C1 /* SettingsView.swift in Sources */,
				424CA00B2BC3AB7800F83F8D /* SignUpPasswordView.swift in Sources */,
				A816E6022BC1706600138CFC /* CustomAlertView.swift in Sources */,
				A816E6002BC162DC00138CFC /* ImageDetailView.swift in Sources */,
				CB198D1C2BC3A4FA000C2709 /* TradeCreateView.swift in Sources */,
				CBD556F32BE1C88900792CBE /* NetworkMonitor.swift in Sources */,
				CB7BEE272BBD575700C0F298 /* AuthenticationViewModel.swift in Sources */,
				CB7BEE1D2BBD566700C0F298 /* HomeView.swift in Sources */,
				CB198D172BC38BFC000C2709 /* TradeDetailView.swift in Sources */,
				46652CF32BDF603F000F7376 /* Bundle+Extension.swift in Sources */,
				A82860222BD2356200BCA57A /* ChatHeaderView.swift in Sources */,
				A828602B2BD3C34300BCA57A /* ReportViewModel.swift in Sources */,
				42B045CE2BFA4E26000B8B20 /* BlockingUserListView.swift in Sources */,
				CB7BEE332BBD57B500C0F298 /* TradeViewModel.swift in Sources */,
				42EE634E2BC2BCA100100FF4 /* LocationPickerMenu.swift in Sources */,
				CB198CF02BBF8E84000C2709 /* Category.swift in Sources */,
				42C151712BD1014400917F30 /* ListEmptyView.swift in Sources */,
				424CA0052BC397A600F83F8D /* TextFieldWithTitle.swift in Sources */,
				A83983EE2BC7D4BD00868E4C /* SearchViewModel.swift in Sources */,
				CB7BEDBB2BBD4E9D00C0F298 /* ANBDTabView.swift in Sources */,
				4204F32F2BC7C60700C56DB8 /* UserActivityListView.swift in Sources */,
				A82860202BD22F6300BCA57A /* MessageCell.swift in Sources */,
				CB198D1A2BC38CB9000C2709 /* Date+Extension.swift in Sources */,
				CB7BEE132BBD564100C0F298 /* AuthenticationView.swift in Sources */,
				CB7BEE212BBD568A00C0F298 /* ANBDFont.swift in Sources */,
				CB198CF22BBF8FC8000C2709 /* CategoryDividerView.swift in Sources */,
				424CA0112BC3B8AA00F83F8D /* PolicyDetailView.swift in Sources */,
				CB7BEE2F2BBD57A000C0F298 /* ChatViewModel.swift in Sources */,
				424CA00D2BC3B4CE00F83F8D /* SignUpUserInfoView.swift in Sources */,
				A816E5FA2BC1056F00138CFC /* ChatListCell.swift in Sources */,
				CB6AA2122BDFDD4D005CA6E4 /* LoadingView.swift in Sources */,
				CB198CF62BBFD0A3000C2709 /* WriteButtonView.swift in Sources */,
				428E613F2BC8BDE400808340 /* UserLikedContentsView.swift in Sources */,
				A8A269C12BD630BD0099C3A3 /* Coordinator.swift in Sources */,
				CB198D102BC38BA0000C2709 /* LocationBottomSheet.swift in Sources */,
				426EE0312BD37CCD00006C2C /* UserStore.swift in Sources */,
				CB198D1E2BC3A7BC000C2709 /* TextFieldModifier.swift in Sources */,
				D77D22FB2BD3B6790049190E /* CommentEditView.swift in Sources */,
				A8640B3E2BC3DCBE00232F9C /* CapsuleButtonView.swift in Sources */,
				424CA0132BC3C0E200F83F8D /* TermsView.swift in Sources */,
				CB7BEDB92BBD4E9D00C0F298 /* ANBDConsumerApp.swift in Sources */,
				A8640B3A2BC391F800232F9C /* ReportView.swift in Sources */,
				A816E5FC2BC11B7800138CFC /* ChatDetailView.swift in Sources */,
				CB198D0A2BC38B83000C2709 /* CategoryBottomSheet.swift in Sources */,
				A816E5FE2BC1254B00138CFC /* TradeStateChangeView.swift in Sources */,
				424CA00F2BC3B83700F83F8D /* SignUpPolicyAgreeView.swift in Sources */,
				CB7BEE172BBD564E00C0F298 /* ChatView.swift in Sources */,
				4232CADE2BE287F4001BF14F /* ToastManager.swift in Sources */,
				D75C3A532BC1377400ED948C /* ArticleView.swift in Sources */,
				A87E89F52BC43B5500F5331B /* SearchResultView.swift in Sources */,
			);
			runOnlyForDeploymentPostprocessing = 0;
		};
/* End PBXSourcesBuildPhase section */

/* Begin XCBuildConfiguration section */
		CB7BEDC12BBD4E9F00C0F298 /* Debug */ = {
			isa = XCBuildConfiguration;
			buildSettings = {
				ALWAYS_SEARCH_USER_PATHS = NO;
				ASSETCATALOG_COMPILER_GENERATE_SWIFT_ASSET_SYMBOL_EXTENSIONS = YES;
				CLANG_ANALYZER_NONNULL = YES;
				CLANG_ANALYZER_NUMBER_OBJECT_CONVERSION = YES_AGGRESSIVE;
				CLANG_CXX_LANGUAGE_STANDARD = "gnu++20";
				CLANG_ENABLE_MODULES = YES;
				CLANG_ENABLE_OBJC_ARC = YES;
				CLANG_ENABLE_OBJC_WEAK = YES;
				CLANG_WARN_BLOCK_CAPTURE_AUTORELEASING = YES;
				CLANG_WARN_BOOL_CONVERSION = YES;
				CLANG_WARN_COMMA = YES;
				CLANG_WARN_CONSTANT_CONVERSION = YES;
				CLANG_WARN_DEPRECATED_OBJC_IMPLEMENTATIONS = YES;
				CLANG_WARN_DIRECT_OBJC_ISA_USAGE = YES_ERROR;
				CLANG_WARN_DOCUMENTATION_COMMENTS = YES;
				CLANG_WARN_EMPTY_BODY = YES;
				CLANG_WARN_ENUM_CONVERSION = YES;
				CLANG_WARN_INFINITE_RECURSION = YES;
				CLANG_WARN_INT_CONVERSION = YES;
				CLANG_WARN_NON_LITERAL_NULL_CONVERSION = YES;
				CLANG_WARN_OBJC_IMPLICIT_RETAIN_SELF = YES;
				CLANG_WARN_OBJC_LITERAL_CONVERSION = YES;
				CLANG_WARN_OBJC_ROOT_CLASS = YES_ERROR;
				CLANG_WARN_QUOTED_INCLUDE_IN_FRAMEWORK_HEADER = YES;
				CLANG_WARN_RANGE_LOOP_ANALYSIS = YES;
				CLANG_WARN_STRICT_PROTOTYPES = YES;
				CLANG_WARN_SUSPICIOUS_MOVE = YES;
				CLANG_WARN_UNGUARDED_AVAILABILITY = YES_AGGRESSIVE;
				CLANG_WARN_UNREACHABLE_CODE = YES;
				CLANG_WARN__DUPLICATE_METHOD_MATCH = YES;
				COPY_PHASE_STRIP = NO;
				DEBUG_INFORMATION_FORMAT = dwarf;
				ENABLE_STRICT_OBJC_MSGSEND = YES;
				ENABLE_TESTABILITY = YES;
				ENABLE_USER_SCRIPT_SANDBOXING = YES;
				GCC_C_LANGUAGE_STANDARD = gnu17;
				GCC_DYNAMIC_NO_PIC = NO;
				GCC_NO_COMMON_BLOCKS = YES;
				GCC_OPTIMIZATION_LEVEL = 0;
				GCC_PREPROCESSOR_DEFINITIONS = (
					"DEBUG=1",
					"$(inherited)",
				);
				GCC_WARN_64_TO_32_BIT_CONVERSION = YES;
				GCC_WARN_ABOUT_RETURN_TYPE = YES_ERROR;
				GCC_WARN_UNDECLARED_SELECTOR = YES;
				GCC_WARN_UNINITIALIZED_AUTOS = YES_AGGRESSIVE;
				GCC_WARN_UNUSED_FUNCTION = YES;
				GCC_WARN_UNUSED_VARIABLE = YES;
				IPHONEOS_DEPLOYMENT_TARGET = 17.0;
				LOCALIZATION_PREFERS_STRING_CATALOGS = YES;
				MTL_ENABLE_DEBUG_INFO = INCLUDE_SOURCE;
				MTL_FAST_MATH = YES;
				ONLY_ACTIVE_ARCH = YES;
				SDKROOT = iphoneos;
				SWIFT_ACTIVE_COMPILATION_CONDITIONS = "DEBUG $(inherited)";
				SWIFT_OPTIMIZATION_LEVEL = "-Onone";
			};
			name = Debug;
		};
		CB7BEDC22BBD4E9F00C0F298 /* Release */ = {
			isa = XCBuildConfiguration;
			buildSettings = {
				ALWAYS_SEARCH_USER_PATHS = NO;
				ASSETCATALOG_COMPILER_GENERATE_SWIFT_ASSET_SYMBOL_EXTENSIONS = YES;
				CLANG_ANALYZER_NONNULL = YES;
				CLANG_ANALYZER_NUMBER_OBJECT_CONVERSION = YES_AGGRESSIVE;
				CLANG_CXX_LANGUAGE_STANDARD = "gnu++20";
				CLANG_ENABLE_MODULES = YES;
				CLANG_ENABLE_OBJC_ARC = YES;
				CLANG_ENABLE_OBJC_WEAK = YES;
				CLANG_WARN_BLOCK_CAPTURE_AUTORELEASING = YES;
				CLANG_WARN_BOOL_CONVERSION = YES;
				CLANG_WARN_COMMA = YES;
				CLANG_WARN_CONSTANT_CONVERSION = YES;
				CLANG_WARN_DEPRECATED_OBJC_IMPLEMENTATIONS = YES;
				CLANG_WARN_DIRECT_OBJC_ISA_USAGE = YES_ERROR;
				CLANG_WARN_DOCUMENTATION_COMMENTS = YES;
				CLANG_WARN_EMPTY_BODY = YES;
				CLANG_WARN_ENUM_CONVERSION = YES;
				CLANG_WARN_INFINITE_RECURSION = YES;
				CLANG_WARN_INT_CONVERSION = YES;
				CLANG_WARN_NON_LITERAL_NULL_CONVERSION = YES;
				CLANG_WARN_OBJC_IMPLICIT_RETAIN_SELF = YES;
				CLANG_WARN_OBJC_LITERAL_CONVERSION = YES;
				CLANG_WARN_OBJC_ROOT_CLASS = YES_ERROR;
				CLANG_WARN_QUOTED_INCLUDE_IN_FRAMEWORK_HEADER = YES;
				CLANG_WARN_RANGE_LOOP_ANALYSIS = YES;
				CLANG_WARN_STRICT_PROTOTYPES = YES;
				CLANG_WARN_SUSPICIOUS_MOVE = YES;
				CLANG_WARN_UNGUARDED_AVAILABILITY = YES_AGGRESSIVE;
				CLANG_WARN_UNREACHABLE_CODE = YES;
				CLANG_WARN__DUPLICATE_METHOD_MATCH = YES;
				COPY_PHASE_STRIP = NO;
				DEBUG_INFORMATION_FORMAT = "dwarf-with-dsym";
				ENABLE_NS_ASSERTIONS = NO;
				ENABLE_STRICT_OBJC_MSGSEND = YES;
				ENABLE_USER_SCRIPT_SANDBOXING = YES;
				GCC_C_LANGUAGE_STANDARD = gnu17;
				GCC_NO_COMMON_BLOCKS = YES;
				GCC_WARN_64_TO_32_BIT_CONVERSION = YES;
				GCC_WARN_ABOUT_RETURN_TYPE = YES_ERROR;
				GCC_WARN_UNDECLARED_SELECTOR = YES;
				GCC_WARN_UNINITIALIZED_AUTOS = YES_AGGRESSIVE;
				GCC_WARN_UNUSED_FUNCTION = YES;
				GCC_WARN_UNUSED_VARIABLE = YES;
				IPHONEOS_DEPLOYMENT_TARGET = 17.0;
				LOCALIZATION_PREFERS_STRING_CATALOGS = YES;
				MTL_ENABLE_DEBUG_INFO = NO;
				MTL_FAST_MATH = YES;
				SDKROOT = iphoneos;
				SWIFT_COMPILATION_MODE = wholemodule;
				VALIDATE_PRODUCT = YES;
			};
			name = Release;
		};
		CB7BEDC42BBD4E9F00C0F298 /* Debug */ = {
			isa = XCBuildConfiguration;
			baseConfigurationReference = CBD556F82BE23D5300792CBE /* Secrets.xcconfig */;
			buildSettings = {
				ASSETCATALOG_COMPILER_APPICON_NAME = AppIcon;
				ASSETCATALOG_COMPILER_GLOBAL_ACCENT_COLOR_NAME = AccentColor;
				CODE_SIGN_ENTITLEMENTS = ANBDConsumer/ANBDConsumer.entitlements;
				CODE_SIGN_STYLE = Automatic;
				CURRENT_PROJECT_VERSION = 1;
				DEVELOPMENT_ASSET_PATHS = "";
				DEVELOPMENT_TEAM = 5B94TFMJJ4;
				ENABLE_PREVIEWS = YES;
				GENERATE_INFOPLIST_FILE = YES;
				INFOPLIST_FILE = ANBDConsumer/Info.plist;
				INFOPLIST_KEY_CFBundleDisplayName = ANBD;
				INFOPLIST_KEY_UIApplicationSceneManifest_Generation = YES;
				INFOPLIST_KEY_UIApplicationSupportsIndirectInputEvents = YES;
				INFOPLIST_KEY_UILaunchScreen_Generation = YES;
				INFOPLIST_KEY_UISupportedInterfaceOrientations = UIInterfaceOrientationPortrait;
				INFOPLIST_KEY_UISupportedInterfaceOrientations_iPad = "UIInterfaceOrientationLandscapeLeft UIInterfaceOrientationLandscapeRight UIInterfaceOrientationPortrait UIInterfaceOrientationPortraitUpsideDown";
				IPHONEOS_DEPLOYMENT_TARGET = 17.0;
				LD_RUNPATH_SEARCH_PATHS = (
					"$(inherited)",
					"@executable_path/Frameworks",
				);
				MARKETING_VERSION = 1.1.0;
				PRODUCT_BUNDLE_IDENTIFIER = com.teamGG.ANBD;
				PRODUCT_NAME = "$(TARGET_NAME)";
				SUPPORTED_PLATFORMS = "iphoneos iphonesimulator";
				SUPPORTS_MACCATALYST = NO;
				SUPPORTS_MAC_DESIGNED_FOR_IPHONE_IPAD = NO;
				SUPPORTS_XR_DESIGNED_FOR_IPHONE_IPAD = NO;
				SWIFT_EMIT_LOC_STRINGS = YES;
				SWIFT_VERSION = 5.0;
				TARGETED_DEVICE_FAMILY = 1;
			};
			name = Debug;
		};
		CB7BEDC52BBD4E9F00C0F298 /* Release */ = {
			isa = XCBuildConfiguration;
			baseConfigurationReference = CBD556F82BE23D5300792CBE /* Secrets.xcconfig */;
			buildSettings = {
				ASSETCATALOG_COMPILER_APPICON_NAME = AppIcon;
				ASSETCATALOG_COMPILER_GLOBAL_ACCENT_COLOR_NAME = AccentColor;
				CODE_SIGN_ENTITLEMENTS = ANBDConsumer/ANBDConsumer.entitlements;
				CODE_SIGN_STYLE = Automatic;
				CURRENT_PROJECT_VERSION = 1;
				DEVELOPMENT_ASSET_PATHS = "";
				DEVELOPMENT_TEAM = 5B94TFMJJ4;
				ENABLE_PREVIEWS = YES;
				GENERATE_INFOPLIST_FILE = YES;
				INFOPLIST_FILE = ANBDConsumer/Info.plist;
				INFOPLIST_KEY_CFBundleDisplayName = ANBD;
				INFOPLIST_KEY_UIApplicationSceneManifest_Generation = YES;
				INFOPLIST_KEY_UIApplicationSupportsIndirectInputEvents = YES;
				INFOPLIST_KEY_UILaunchScreen_Generation = YES;
				INFOPLIST_KEY_UISupportedInterfaceOrientations = UIInterfaceOrientationPortrait;
				INFOPLIST_KEY_UISupportedInterfaceOrientations_iPad = "UIInterfaceOrientationLandscapeLeft UIInterfaceOrientationLandscapeRight UIInterfaceOrientationPortrait UIInterfaceOrientationPortraitUpsideDown";
				IPHONEOS_DEPLOYMENT_TARGET = 17.0;
				LD_RUNPATH_SEARCH_PATHS = (
					"$(inherited)",
					"@executable_path/Frameworks",
				);
				MARKETING_VERSION = 1.1.0;
				PRODUCT_BUNDLE_IDENTIFIER = com.teamGG.ANBD;
				PRODUCT_NAME = "$(TARGET_NAME)";
				SUPPORTED_PLATFORMS = "iphoneos iphonesimulator";
				SUPPORTS_MACCATALYST = NO;
				SUPPORTS_MAC_DESIGNED_FOR_IPHONE_IPAD = NO;
				SUPPORTS_XR_DESIGNED_FOR_IPHONE_IPAD = NO;
				SWIFT_EMIT_LOC_STRINGS = YES;
				SWIFT_VERSION = 5.0;
				TARGETED_DEVICE_FAMILY = 1;
			};
			name = Release;
		};
/* End XCBuildConfiguration section */

/* Begin XCConfigurationList section */
		CB7BEDB02BBD4E9D00C0F298 /* Build configuration list for PBXProject "ANBDConsumer" */ = {
			isa = XCConfigurationList;
			buildConfigurations = (
				CB7BEDC12BBD4E9F00C0F298 /* Debug */,
				CB7BEDC22BBD4E9F00C0F298 /* Release */,
			);
			defaultConfigurationIsVisible = 0;
			defaultConfigurationName = Release;
		};
		CB7BEDC32BBD4E9F00C0F298 /* Build configuration list for PBXNativeTarget "ANBDConsumer" */ = {
			isa = XCConfigurationList;
			buildConfigurations = (
				CB7BEDC42BBD4E9F00C0F298 /* Debug */,
				CB7BEDC52BBD4E9F00C0F298 /* Release */,
			);
			defaultConfigurationIsVisible = 0;
			defaultConfigurationName = Release;
		};
/* End XCConfigurationList section */

/* Begin XCRemoteSwiftPackageReference section */
		469FA5CF2BDA3DE800D2222B /* XCRemoteSwiftPackageReference "SkeletonUI" */ = {
			isa = XCRemoteSwiftPackageReference;
			repositoryURL = "https://github.com/CSolanaM/SkeletonUI.git";
			requirement = {
				kind = upToNextMajorVersion;
				minimumVersion = 2.0.1;
			};
		};
		469FA5D22BDB405800D2222B /* XCRemoteSwiftPackageReference "Kingfisher" */ = {
			isa = XCRemoteSwiftPackageReference;
			repositoryURL = "https://github.com/onevcat/Kingfisher.git";
			requirement = {
				kind = upToNextMajorVersion;
				minimumVersion = 7.11.0;
			};
		};
/* End XCRemoteSwiftPackageReference section */

/* Begin XCSwiftPackageProductDependency section */
		469FA5D02BDA3DE800D2222B /* SkeletonUI */ = {
			isa = XCSwiftPackageProductDependency;
			package = 469FA5CF2BDA3DE800D2222B /* XCRemoteSwiftPackageReference "SkeletonUI" */;
			productName = SkeletonUI;
		};
		469FA5D32BDB405800D2222B /* Kingfisher */ = {
			isa = XCSwiftPackageProductDependency;
			package = 469FA5D22BDB405800D2222B /* XCRemoteSwiftPackageReference "Kingfisher" */;
			productName = Kingfisher;
		};
		CB7BEE3D2BBD587200C0F298 /* ANBDModel */ = {
			isa = XCSwiftPackageProductDependency;
			productName = ANBDModel;
		};
/* End XCSwiftPackageProductDependency section */
	};
	rootObject = CB7BEDAD2BBD4E9D00C0F298 /* Project object */;
}
